// !$*UTF8*$!
{
	archiveVersion = 1;
	classes = {
	};
	objectVersion = 46;
	objects = {

/* Begin PBXBuildFile section */
		A0DA397D1CB26C180017F512 /* AppDelegate.swift in Sources */ = {isa = PBXBuildFile; fileRef = A0DA397C1CB26C180017F512 /* AppDelegate.swift */; };
		A0DA397F1CB26C180017F512 /* ViewController.swift in Sources */ = {isa = PBXBuildFile; fileRef = A0DA397E1CB26C180017F512 /* ViewController.swift */; };
		A0DA39821CB26C180017F512 /* Main.storyboard in Resources */ = {isa = PBXBuildFile; fileRef = A0DA39801CB26C180017F512 /* Main.storyboard */; };
		A0DA39841CB26C180017F512 /* Images.xcassets in Resources */ = {isa = PBXBuildFile; fileRef = A0DA39831CB26C180017F512 /* Images.xcassets */; };
		A0DA39871CB26C180017F512 /* LaunchScreen.xib in Resources */ = {isa = PBXBuildFile; fileRef = A0DA39851CB26C180017F512 /* LaunchScreen.xib */; };
		A0DA39931CB26C180017F512 /* day1_stopwatchTests.swift in Sources */ = {isa = PBXBuildFile; fileRef = A0DA39921CB26C180017F512 /* day1_stopwatchTests.swift */; };
		A0DA399E1CB26F580017F512 /* StopWatch.xcdatamodeld in Sources */ = {isa = PBXBuildFile; fileRef = A0DA399C1CB26F580017F512 /* StopWatch.xcdatamodeld */; };
/* End PBXBuildFile section */

/* Begin PBXContainerItemProxy section */
		A0DA398D1CB26C180017F512 /* PBXContainerItemProxy */ = {
			isa = PBXContainerItemProxy;
			containerPortal = A0DA396F1CB26C180017F512 /* Project object */;
			proxyType = 1;
			remoteGlobalIDString = A0DA39761CB26C180017F512;
			remoteInfo = "day1-stopwatch";
		};
/* End PBXContainerItemProxy section */

/* Begin PBXFileReference section */
		A0DA39771CB26C180017F512 /* day1-stopwatch.app */ = {isa = PBXFileReference; explicitFileType = wrapper.application; includeInIndex = 0; path = "day1-stopwatch.app"; sourceTree = BUILT_PRODUCTS_DIR; };
		A0DA397B1CB26C180017F512 /* Info.plist */ = {isa = PBXFileReference; lastKnownFileType = text.plist.xml; path = Info.plist; sourceTree = "<group>"; };
		A0DA397C1CB26C180017F512 /* AppDelegate.swift */ = {isa = PBXFileReference; lastKnownFileType = sourcecode.swift; path = AppDelegate.swift; sourceTree = "<group>"; };
		A0DA397E1CB26C180017F512 /* ViewController.swift */ = {isa = PBXFileReference; lastKnownFileType = sourcecode.swift; path = ViewController.swift; sourceTree = "<group>"; };
		A0DA39811CB26C180017F512 /* Base */ = {isa = PBXFileReference; lastKnownFileType = file.storyboard; name = Base; path = Base.lproj/Main.storyboard; sourceTree = "<group>"; };
		A0DA39831CB26C180017F512 /* Images.xcassets */ = {isa = PBXFileReference; lastKnownFileType = folder.assetcatalog; path = Images.xcassets; sourceTree = "<group>"; };
		A0DA39861CB26C180017F512 /* Base */ = {isa = PBXFileReference; lastKnownFileType = file.xib; name = Base; path = Base.lproj/LaunchScreen.xib; sourceTree = "<group>"; };
		A0DA398C1CB26C180017F512 /* day1-stopwatchTests.xctest */ = {isa = PBXFileReference; explicitFileType = wrapper.cfbundle; includeInIndex = 0; path = "day1-stopwatchTests.xctest"; sourceTree = BUILT_PRODUCTS_DIR; };
		A0DA39911CB26C180017F512 /* Info.plist */ = {isa = PBXFileReference; lastKnownFileType = text.plist.xml; path = Info.plist; sourceTree = "<group>"; };
		A0DA39921CB26C180017F512 /* day1_stopwatchTests.swift */ = {isa = PBXFileReference; lastKnownFileType = sourcecode.swift; path = day1_stopwatchTests.swift; sourceTree = "<group>"; };
		A0DA399D1CB26F580017F512 /* StopWatch.xcdatamodel */ = {isa = PBXFileReference; lastKnownFileType = wrapper.xcdatamodel; path = StopWatch.xcdatamodel; sourceTree = "<group>"; };
/* End PBXFileReference section */

/* Begin PBXFrameworksBuildPhase section */
		A0DA39741CB26C180017F512 /* Frameworks */ = {
			isa = PBXFrameworksBuildPhase;
			buildActionMask = 2147483647;
			files = (
			);
			runOnlyForDeploymentPostprocessing = 0;
		};
		A0DA39891CB26C180017F512 /* Frameworks */ = {
			isa = PBXFrameworksBuildPhase;
			buildActionMask = 2147483647;
			files = (
			);
			runOnlyForDeploymentPostprocessing = 0;
		};
/* End PBXFrameworksBuildPhase section */

/* Begin PBXGroup section */
		A0DA396E1CB26C180017F512 = {
			isa = PBXGroup;
			children = (
				A0DA39791CB26C180017F512 /* day1-stopwatch */,
				A0DA398F1CB26C180017F512 /* day1-stopwatchTests */,
				A0DA39781CB26C180017F512 /* Products */,
			);
			sourceTree = "<group>";
		};
		A0DA39781CB26C180017F512 /* Products */ = {
			isa = PBXGroup;
			children = (
				A0DA39771CB26C180017F512 /* day1-stopwatch.app */,
				A0DA398C1CB26C180017F512 /* day1-stopwatchTests.xctest */,
			);
			name = Products;
			sourceTree = "<group>";
		};
		A0DA39791CB26C180017F512 /* day1-stopwatch */ = {
			isa = PBXGroup;
			children = (
				A0DA397C1CB26C180017F512 /* AppDelegate.swift */,
				A0DA397E1CB26C180017F512 /* ViewController.swift */,
				A0DA39801CB26C180017F512 /* Main.storyboard */,
				A0DA39831CB26C180017F512 /* Images.xcassets */,
				A0DA39851CB26C180017F512 /* LaunchScreen.xib */,
				A0DA397A1CB26C180017F512 /* Supporting Files */,
				A0DA399C1CB26F580017F512 /* StopWatch.xcdatamodeld */,
			);
			path = "day1-stopwatch";
			sourceTree = "<group>";
		};
		A0DA397A1CB26C180017F512 /* Supporting Files */ = {
			isa = PBXGroup;
			children = (
				A0DA397B1CB26C180017F512 /* Info.plist */,
			);
			name = "Supporting Files";
			sourceTree = "<group>";
		};
		A0DA398F1CB26C180017F512 /* day1-stopwatchTests */ = {
			isa = PBXGroup;
			children = (
				A0DA39921CB26C180017F512 /* day1_stopwatchTests.swift */,
				A0DA39901CB26C180017F512 /* Supporting Files */,
			);
			path = "day1-stopwatchTests";
			sourceTree = "<group>";
		};
		A0DA39901CB26C180017F512 /* Supporting Files */ = {
			isa = PBXGroup;
			children = (
				A0DA39911CB26C180017F512 /* Info.plist */,
			);
			name = "Supporting Files";
			sourceTree = "<group>";
		};
/* End PBXGroup section */

/* Begin PBXNativeTarget section */
		A0DA39761CB26C180017F512 /* day1-stopwatch */ = {
			isa = PBXNativeTarget;
			buildConfigurationList = A0DA39961CB26C180017F512 /* Build configuration list for PBXNativeTarget "day1-stopwatch" */;
			buildPhases = (
				A0DA39731CB26C180017F512 /* Sources */,
				A0DA39741CB26C180017F512 /* Frameworks */,
				A0DA39751CB26C180017F512 /* Resources */,
			);
			buildRules = (
			);
			dependencies = (
			);
			name = "day1-stopwatch";
			productName = "day1-stopwatch";
			productReference = A0DA39771CB26C180017F512 /* day1-stopwatch.app */;
			productType = "com.apple.product-type.application";
		};
		A0DA398B1CB26C180017F512 /* day1-stopwatchTests */ = {
			isa = PBXNativeTarget;
			buildConfigurationList = A0DA39991CB26C180017F512 /* Build configuration list for PBXNativeTarget "day1-stopwatchTests" */;
			buildPhases = (
				A0DA39881CB26C180017F512 /* Sources */,
				A0DA39891CB26C180017F512 /* Frameworks */,
				A0DA398A1CB26C180017F512 /* Resources */,
			);
			buildRules = (
			);
			dependencies = (
				A0DA398E1CB26C180017F512 /* PBXTargetDependency */,
			);
			name = "day1-stopwatchTests";
			productName = "day1-stopwatchTests";
			productReference = A0DA398C1CB26C180017F512 /* day1-stopwatchTests.xctest */;
			productType = "com.apple.product-type.bundle.unit-test";
		};
/* End PBXNativeTarget section */

/* Begin PBXProject section */
		A0DA396F1CB26C180017F512 /* Project object */ = {
			isa = PBXProject;
			attributes = {
				LastUpgradeCheck = 0610;
				ORGANIZATIONNAME = sightcorner;
				TargetAttributes = {
					A0DA39761CB26C180017F512 = {
						CreatedOnToolsVersion = 6.1.1;
					};
					A0DA398B1CB26C180017F512 = {
						CreatedOnToolsVersion = 6.1.1;
						TestTargetID = A0DA39761CB26C180017F512;
					};
				};
			};
			buildConfigurationList = A0DA39721CB26C180017F512 /* Build configuration list for PBXProject "day1-stopwatch" */;
			compatibilityVersion = "Xcode 3.2";
			developmentRegion = English;
			hasScannedForEncodings = 0;
			knownRegions = (
				en,
				Base,
			);
			mainGroup = A0DA396E1CB26C180017F512;
			productRefGroup = A0DA39781CB26C180017F512 /* Products */;
			projectDirPath = "";
			projectRoot = "";
			targets = (
				A0DA39761CB26C180017F512 /* day1-stopwatch */,
				A0DA398B1CB26C180017F512 /* day1-stopwatchTests */,
			);
		};
/* End PBXProject section */

/* Begin PBXResourcesBuildPhase section */
		A0DA39751CB26C180017F512 /* Resources */ = {
			isa = PBXResourcesBuildPhase;
			buildActionMask = 2147483647;
			files = (
				A0DA39821CB26C180017F512 /* Main.storyboard in Resources */,
				A0DA39871CB26C180017F512 /* LaunchScreen.xib in Resources */,
				A0DA39841CB26C180017F512 /* Images.xcassets in Resources */,
			);
			runOnlyForDeploymentPostprocessing = 0;
		};
		A0DA398A1CB26C180017F512 /* Resources */ = {
			isa = PBXResourcesBuildPhase;
			buildActionMask = 2147483647;
			files = (
			);
			runOnlyForDeploymentPostprocessing = 0;
		};
/* End PBXResourcesBuildPhase section */

/* Begin PBXSourcesBuildPhase section */
		A0DA39731CB26C180017F512 /* Sources */ = {
			isa = PBXSourcesBuildPhase;
			buildActionMask = 2147483647;
			files = (
				A0DA399E1CB26F580017F512 /* StopWatch.xcdatamodeld in Sources */,
				A0DA397F1CB26C180017F512 /* ViewController.swift in Sources */,
				A0DA397D1CB26C180017F512 /* AppDelegate.swift in Sources */,
			);
			runOnlyForDeploymentPostprocessing = 0;
		};
		A0DA39881CB26C180017F512 /* Sources */ = {
			isa = PBXSourcesBuildPhase;
			buildActionMask = 2147483647;
			files = (
				A0DA39931CB26C180017F512 /* day1_stopwatchTests.swift in Sources */,
			);
			runOnlyForDeploymentPostprocessing = 0;
		};
/* End PBXSourcesBuildPhase section */

/* Begin PBXTargetDependency section */
		A0DA398E1CB26C180017F512 /* PBXTargetDependency */ = {
			isa = PBXTargetDependency;
			target = A0DA39761CB26C180017F512 /* day1-stopwatch */;
			targetProxy = A0DA398D1CB26C180017F512 /* PBXContainerItemProxy */;
		};
/* End PBXTargetDependency section */

/* Begin PBXVariantGroup section */
		A0DA39801CB26C180017F512 /* Main.storyboard */ = {
			isa = PBXVariantGroup;
			children = (
				A0DA39811CB26C180017F512 /* Base */,
			);
			name = Main.storyboard;
			sourceTree = "<group>";
		};
		A0DA39851CB26C180017F512 /* LaunchScreen.xib */ = {
			isa = PBXVariantGroup;
			children = (
				A0DA39861CB26C180017F512 /* Base */,
			);
			name = LaunchScreen.xib;
			sourceTree = "<group>";
		};
/* End PBXVariantGroup section */

/* Begin XCBuildConfiguration section */
		A0DA39941CB26C180017F512 /* Debug */ = {
			isa = XCBuildConfiguration;
			buildSettings = {
				ALWAYS_SEARCH_USER_PATHS = NO;
				CLANG_CXX_LANGUAGE_STANDARD = "gnu++0x";
				CLANG_CXX_LIBRARY = "libc++";
				CLANG_ENABLE_MODULES = YES;
				CLANG_ENABLE_OBJC_ARC = YES;
				CLANG_WARN_BOOL_CONVERSION = YES;
				CLANG_WARN_CONSTANT_CONVERSION = YES;
				CLANG_WARN_DIRECT_OBJC_ISA_USAGE = YES_ERROR;
				CLANG_WARN_EMPTY_BODY = YES;
				CLANG_WARN_ENUM_CONVERSION = YES;
				CLANG_WARN_INT_CONVERSION = YES;
				CLANG_WARN_OBJC_ROOT_CLASS = YES_ERROR;
				CLANG_WARN_UNREACHABLE_CODE = YES;
				CLANG_WARN__DUPLICATE_METHOD_MATCH = YES;
				"CODE_SIGN_IDENTITY[sdk=iphoneos*]" = "iPhone Developer";
				COPY_PHASE_STRIP = NO;
				ENABLE_STRICT_OBJC_MSGSEND = YES;
				GCC_C_LANGUAGE_STANDARD = gnu99;
				GCC_DYNAMIC_NO_PIC = NO;
				GCC_OPTIMIZATION_LEVEL = 0;
				GCC_PREPROCESSOR_DEFINITIONS = (
					"DEBUG=1",
					"$(inherited)",
				);
				GCC_SYMBOLS_PRIVATE_EXTERN = NO;
				GCC_WARN_64_TO_32_BIT_CONVERSION = YES;
				GCC_WARN_ABOUT_RETURN_TYPE = YES_ERROR;
				GCC_WARN_UNDECLARED_SELECTOR = YES;
				GCC_WARN_UNINITIALIZED_AUTOS = YES_AGGRESSIVE;
				GCC_WARN_UNUSED_FUNCTION = YES;
				GCC_WARN_UNUSED_VARIABLE = YES;
				IPHONEOS_DEPLOYMENT_TARGET = 8.1;
				MTL_ENABLE_DEBUG_INFO = YES;
				ONLY_ACTIVE_ARCH = YES;
				SDKROOT = iphoneos;
				SWIFT_OPTIMIZATION_LEVEL = "-Onone";
				TARGETED_DEVICE_FAMILY = "1,2";
			};
			name = Debug;
		};
		A0DA39951CB26C180017F512 /* Release */ = {
			isa = XCBuildConfiguration;
			buildSettings = {
				ALWAYS_SEARCH_USER_PATHS = NO;
				CLANG_CXX_LANGUAGE_STANDARD = "gnu++0x";
				CLANG_CXX_LIBRARY = "libc++";
				CLANG_ENABLE_MODULES = YES;
				CLANG_ENABLE_OBJC_ARC = YES;
				CLANG_WARN_BOOL_CONVERSION = YES;
				CLANG_WARN_CONSTANT_CONVERSION = YES;
				CLANG_WARN_DIRECT_OBJC_ISA_USAGE = YES_ERROR;
				CLANG_WARN_EMPTY_BODY = YES;
				CLANG_WARN_ENUM_CONVERSION = YES;
				CLANG_WARN_INT_CONVERSION = YES;
				CLANG_WARN_OBJC_ROOT_CLASS = YES_ERROR;
				CLANG_WARN_UNREACHABLE_CODE = YES;
				CLANG_WARN__DUPLICATE_METHOD_MATCH = YES;
				"CODE_SIGN_IDENTITY[sdk=iphoneos*]" = "iPhone Developer";
				COPY_PHASE_STRIP = YES;
				ENABLE_NS_ASSERTIONS = NO;
				ENABLE_STRICT_OBJC_MSGSEND = YES;
				GCC_C_LANGUAGE_STANDARD = gnu99;
				GCC_WARN_64_TO_32_BIT_CONVERSION = YES;
				GCC_WARN_ABOUT_RETURN_TYPE = YES_ERROR;
				GCC_WARN_UNDECLARED_SELECTOR = YES;
				GCC_WARN_UNINITIALIZED_AUTOS = YES_AGGRESSIVE;
				GCC_WARN_UNUSED_FUNCTION = YES;
				GCC_WARN_UNUSED_VARIABLE = YES;
				IPHONEOS_DEPLOYMENT_TARGET = 8.1;
				MTL_ENABLE_DEBUG_INFO = NO;
				SDKROOT = iphoneos;
				TARGETED_DEVICE_FAMILY = "1,2";
				VALIDATE_PRODUCT = YES;
			};
			name = Release;
		};
		A0DA39971CB26C180017F512 /* Debug */ = {
			isa = XCBuildConfiguration;
			buildSettings = {
				ASSETCATALOG_COMPILER_APPICON_NAME = AppIcon;
				INFOPLIST_FILE = "day1-stopwatch/Info.plist";
				LD_RUNPATH_SEARCH_PATHS = "$(inherited) @executable_path/Frameworks";
				PRODUCT_NAME = "$(TARGET_NAME)";
			};
			name = Debug;
		};
		A0DA39981CB26C180017F512 /* Release */ = {
			isa = XCBuildConfiguration;
			buildSettings = {
				ASSETCATALOG_COMPILER_APPICON_NAME = AppIcon;
				INFOPLIST_FILE = "day1-stopwatch/Info.plist";
				LD_RUNPATH_SEARCH_PATHS = "$(inherited) @executable_path/Frameworks";
				PRODUCT_NAME = "$(TARGET_NAME)";
			};
			name = Release;
		};
		A0DA399A1CB26C180017F512 /* Debug */ = {
			isa = XCBuildConfiguration;
			buildSettings = {
				BUNDLE_LOADER = "$(TEST_HOST)";
				FRAMEWORK_SEARCH_PATHS = (
					"$(SDKROOT)/Developer/Library/Frameworks",
					"$(inherited)",
				);
				GCC_PREPROCESSOR_DEFINITIONS = (
					"DEBUG=1",
					"$(inherited)",
				);
				INFOPLIST_FILE = "day1-stopwatchTests/Info.plist";
				LD_RUNPATH_SEARCH_PATHS = "$(inherited) @executable_path/Frameworks @loader_path/Frameworks";
				PRODUCT_NAME = "$(TARGET_NAME)";
				TEST_HOST = "$(BUILT_PRODUCTS_DIR)/day1-stopwatch.app/day1-stopwatch";
			};
			name = Debug;
		};
		A0DA399B1CB26C180017F512 /* Release */ = {
			isa = XCBuildConfiguration;
			buildSettings = {
				BUNDLE_LOADER = "$(TEST_HOST)";
				FRAMEWORK_SEARCH_PATHS = (
					"$(SDKROOT)/Developer/Library/Frameworks",
					"$(inherited)",
				);
				INFOPLIST_FILE = "day1-stopwatchTests/Info.plist";
				LD_RUNPATH_SEARCH_PATHS = "$(inherited) @executable_path/Frameworks @loader_path/Frameworks";
				PRODUCT_NAME = "$(TARGET_NAME)";
				TEST_HOST = "$(BUILT_PRODUCTS_DIR)/day1-stopwatch.app/day1-stopwatch";
			};
			name = Release;
		};
/* End XCBuildConfiguration section */

/* Begin XCConfigurationList section */
		A0DA39721CB26C180017F512 /* Build configuration list for PBXProject "day1-stopwatch" */ = {
			isa = XCConfigurationList;
			buildConfigurations = (
				A0DA39941CB26C180017F512 /* Debug */,
				A0DA39951CB26C180017F512 /* Release */,
			);
			defaultConfigurationIsVisible = 0;
			defaultConfigurationName = Release;
		};
		A0DA39961CB26C180017F512 /* Build configuration list for PBXNativeTarget "day1-stopwatch" */ = {
			isa = XCConfigurationList;
			buildConfigurations = (
				A0DA39971CB26C180017F512 /* Debug */,
				A0DA39981CB26C180017F512 /* Release */,
			);
			defaultConfigurationIsVisible = 0;
		};
		A0DA39991CB26C180017F512 /* Build configuration list for PBXNativeTarget "day1-stopwatchTests" */ = {
			isa = XCConfigurationList;
			buildConfigurations = (
				A0DA399A1CB26C180017F512 /* Debug */,
				A0DA399B1CB26C180017F512 /* Release */,
			);
			defaultConfigurationIsVisible = 0;
		};
/* End XCConfigurationList section */

/* Begin XCVersionGroup section */
		A0DA399C1CB26F580017F512 /* StopWatch.xcdatamodeld */ = {
			isa = XCVersionGroup;
			children = (
				A0DA399D1CB26F580017F512 /* StopWatch.xcdatamodel */,
			);
			currentVersion = A0DA399D1CB26F580017F512 /* StopWatch.xcdatamodel */;
			path = StopWatch.xcdatamodeld;
			sourceTree = "<group>";
			versionGroupType = wrapper.xcdatamodel;
		};
/* End XCVersionGroup section */
	};
	rootObject = A0DA396F1CB26C180017F512 /* Project object */;
}
