// !$*UTF8*$!
{
	archiveVersion = 1;
	classes = {
	};
	objectVersion = 46;
	objects = {

/* Begin PBXBuildFile section */
		A01DAD3B1CBBC173003F713B /* AppDelegate.swift in Sources */ = {isa = PBXBuildFile; fileRef = A01DAD3A1CBBC173003F713B /* AppDelegate.swift */; };
		A01DAD3D1CBBC173003F713B /* ViewController.swift in Sources */ = {isa = PBXBuildFile; fileRef = A01DAD3C1CBBC173003F713B /* ViewController.swift */; };
		A01DAD401CBBC173003F713B /* Main.storyboard in Resources */ = {isa = PBXBuildFile; fileRef = A01DAD3E1CBBC173003F713B /* Main.storyboard */; };
		A01DAD421CBBC173003F713B /* Images.xcassets in Resources */ = {isa = PBXBuildFile; fileRef = A01DAD411CBBC173003F713B /* Images.xcassets */; };
		A01DAD451CBBC173003F713B /* LaunchScreen.xib in Resources */ = {isa = PBXBuildFile; fileRef = A01DAD431CBBC173003F713B /* LaunchScreen.xib */; };
		A01DAD511CBBC173003F713B /* day6_locationTests.swift in Sources */ = {isa = PBXBuildFile; fileRef = A01DAD501CBBC173003F713B /* day6_locationTests.swift */; };
/* End PBXBuildFile section */

/* Begin PBXContainerItemProxy section */
		A01DAD4B1CBBC173003F713B /* PBXContainerItemProxy */ = {
			isa = PBXContainerItemProxy;
			containerPortal = A01DAD2D1CBBC173003F713B /* Project object */;
			proxyType = 1;
			remoteGlobalIDString = A01DAD341CBBC173003F713B;
			remoteInfo = "day6-location";
		};
/* End PBXContainerItemProxy section */

/* Begin PBXFileReference section */
		A01DAD351CBBC173003F713B /* day6-location.app */ = {isa = PBXFileReference; explicitFileType = wrapper.application; includeInIndex = 0; path = "day6-location.app"; sourceTree = BUILT_PRODUCTS_DIR; };
		A01DAD391CBBC173003F713B /* Info.plist */ = {isa = PBXFileReference; lastKnownFileType = text.plist.xml; path = Info.plist; sourceTree = "<group>"; };
		A01DAD3A1CBBC173003F713B /* AppDelegate.swift */ = {isa = PBXFileReference; lastKnownFileType = sourcecode.swift; path = AppDelegate.swift; sourceTree = "<group>"; };
		A01DAD3C1CBBC173003F713B /* ViewController.swift */ = {isa = PBXFileReference; lastKnownFileType = sourcecode.swift; path = ViewController.swift; sourceTree = "<group>"; };
		A01DAD3F1CBBC173003F713B /* Base */ = {isa = PBXFileReference; lastKnownFileType = file.storyboard; name = Base; path = Base.lproj/Main.storyboard; sourceTree = "<group>"; };
		A01DAD411CBBC173003F713B /* Images.xcassets */ = {isa = PBXFileReference; lastKnownFileType = folder.assetcatalog; path = Images.xcassets; sourceTree = "<group>"; };
		A01DAD441CBBC173003F713B /* Base */ = {isa = PBXFileReference; lastKnownFileType = file.xib; name = Base; path = Base.lproj/LaunchScreen.xib; sourceTree = "<group>"; };
		A01DAD4A1CBBC173003F713B /* day6-locationTests.xctest */ = {isa = PBXFileReference; explicitFileType = wrapper.cfbundle; includeInIndex = 0; path = "day6-locationTests.xctest"; sourceTree = BUILT_PRODUCTS_DIR; };
		A01DAD4F1CBBC173003F713B /* Info.plist */ = {isa = PBXFileReference; lastKnownFileType = text.plist.xml; path = Info.plist; sourceTree = "<group>"; };
		A01DAD501CBBC173003F713B /* day6_locationTests.swift */ = {isa = PBXFileReference; lastKnownFileType = sourcecode.swift; path = day6_locationTests.swift; sourceTree = "<group>"; };
/* End PBXFileReference section */

/* Begin PBXFrameworksBuildPhase section */
		A01DAD321CBBC173003F713B /* Frameworks */ = {
			isa = PBXFrameworksBuildPhase;
			buildActionMask = 2147483647;
			files = (
			);
			runOnlyForDeploymentPostprocessing = 0;
		};
		A01DAD471CBBC173003F713B /* Frameworks */ = {
			isa = PBXFrameworksBuildPhase;
			buildActionMask = 2147483647;
			files = (
			);
			runOnlyForDeploymentPostprocessing = 0;
		};
/* End PBXFrameworksBuildPhase section */

/* Begin PBXGroup section */
		A01DAD2C1CBBC173003F713B = {
			isa = PBXGroup;
			children = (
				A01DAD371CBBC173003F713B /* day6-location */,
				A01DAD4D1CBBC173003F713B /* day6-locationTests */,
				A01DAD361CBBC173003F713B /* Products */,
			);
			sourceTree = "<group>";
		};
		A01DAD361CBBC173003F713B /* Products */ = {
			isa = PBXGroup;
			children = (
				A01DAD351CBBC173003F713B /* day6-location.app */,
				A01DAD4A1CBBC173003F713B /* day6-locationTests.xctest */,
			);
			name = Products;
			sourceTree = "<group>";
		};
		A01DAD371CBBC173003F713B /* day6-location */ = {
			isa = PBXGroup;
			children = (
				A01DAD3A1CBBC173003F713B /* AppDelegate.swift */,
				A01DAD3C1CBBC173003F713B /* ViewController.swift */,
				A01DAD3E1CBBC173003F713B /* Main.storyboard */,
				A01DAD411CBBC173003F713B /* Images.xcassets */,
				A01DAD431CBBC173003F713B /* LaunchScreen.xib */,
				A01DAD381CBBC173003F713B /* Supporting Files */,
			);
			path = "day6-location";
			sourceTree = "<group>";
		};
		A01DAD381CBBC173003F713B /* Supporting Files */ = {
			isa = PBXGroup;
			children = (
				A01DAD391CBBC173003F713B /* Info.plist */,
			);
			name = "Supporting Files";
			sourceTree = "<group>";
		};
		A01DAD4D1CBBC173003F713B /* day6-locationTests */ = {
			isa = PBXGroup;
			children = (
				A01DAD501CBBC173003F713B /* day6_locationTests.swift */,
				A01DAD4E1CBBC173003F713B /* Supporting Files */,
			);
			path = "day6-locationTests";
			sourceTree = "<group>";
		};
		A01DAD4E1CBBC173003F713B /* Supporting Files */ = {
			isa = PBXGroup;
			children = (
				A01DAD4F1CBBC173003F713B /* Info.plist */,
			);
			name = "Supporting Files";
			sourceTree = "<group>";
		};
/* End PBXGroup section */

/* Begin PBXNativeTarget section */
		A01DAD341CBBC173003F713B /* day6-location */ = {
			isa = PBXNativeTarget;
			buildConfigurationList = A01DAD541CBBC173003F713B /* Build configuration list for PBXNativeTarget "day6-location" */;
			buildPhases = (
				A01DAD311CBBC173003F713B /* Sources */,
				A01DAD321CBBC173003F713B /* Frameworks */,
				A01DAD331CBBC173003F713B /* Resources */,
			);
			buildRules = (
			);
			dependencies = (
			);
			name = "day6-location";
			productName = "day6-location";
			productReference = A01DAD351CBBC173003F713B /* day6-location.app */;
			productType = "com.apple.product-type.application";
		};
		A01DAD491CBBC173003F713B /* day6-locationTests */ = {
			isa = PBXNativeTarget;
			buildConfigurationList = A01DAD571CBBC173003F713B /* Build configuration list for PBXNativeTarget "day6-locationTests" */;
			buildPhases = (
				A01DAD461CBBC173003F713B /* Sources */,
				A01DAD471CBBC173003F713B /* Frameworks */,
				A01DAD481CBBC173003F713B /* Resources */,
			);
			buildRules = (
			);
			dependencies = (
				A01DAD4C1CBBC173003F713B /* PBXTargetDependency */,
			);
			name = "day6-locationTests";
			productName = "day6-locationTests";
			productReference = A01DAD4A1CBBC173003F713B /* day6-locationTests.xctest */;
			productType = "com.apple.product-type.bundle.unit-test";
		};
/* End PBXNativeTarget section */

/* Begin PBXProject section */
		A01DAD2D1CBBC173003F713B /* Project object */ = {
			isa = PBXProject;
			attributes = {
				LastUpgradeCheck = 0610;
				ORGANIZATIONNAME = sightcorner;
				TargetAttributes = {
					A01DAD341CBBC173003F713B = {
						CreatedOnToolsVersion = 6.1.1;
					};
					A01DAD491CBBC173003F713B = {
						CreatedOnToolsVersion = 6.1.1;
						TestTargetID = A01DAD341CBBC173003F713B;
					};
				};
			};
			buildConfigurationList = A01DAD301CBBC173003F713B /* Build configuration list for PBXProject "day6-location" */;
			compatibilityVersion = "Xcode 3.2";
			developmentRegion = English;
			hasScannedForEncodings = 0;
			knownRegions = (
				en,
				Base,
			);
			mainGroup = A01DAD2C1CBBC173003F713B;
			productRefGroup = A01DAD361CBBC173003F713B /* Products */;
			projectDirPath = "";
			projectRoot = "";
			targets = (
				A01DAD341CBBC173003F713B /* day6-location */,
				A01DAD491CBBC173003F713B /* day6-locationTests */,
			);
		};
/* End PBXProject section */

/* Begin PBXResourcesBuildPhase section */
		A01DAD331CBBC173003F713B /* Resources */ = {
			isa = PBXResourcesBuildPhase;
			buildActionMask = 2147483647;
			files = (
				A01DAD401CBBC173003F713B /* Main.storyboard in Resources */,
				A01DAD451CBBC173003F713B /* LaunchScreen.xib in Resources */,
				A01DAD421CBBC173003F713B /* Images.xcassets in Resources */,
			);
			runOnlyForDeploymentPostprocessing = 0;
		};
		A01DAD481CBBC173003F713B /* Resources */ = {
			isa = PBXResourcesBuildPhase;
			buildActionMask = 2147483647;
			files = (
			);
			runOnlyForDeploymentPostprocessing = 0;
		};
/* End PBXResourcesBuildPhase section */

/* Begin PBXSourcesBuildPhase section */
		A01DAD311CBBC173003F713B /* Sources */ = {
			isa = PBXSourcesBuildPhase;
			buildActionMask = 2147483647;
			files = (
				A01DAD3D1CBBC173003F713B /* ViewController.swift in Sources */,
				A01DAD3B1CBBC173003F713B /* AppDelegate.swift in Sources */,
			);
			runOnlyForDeploymentPostprocessing = 0;
		};
		A01DAD461CBBC173003F713B /* Sources */ = {
			isa = PBXSourcesBuildPhase;
			buildActionMask = 2147483647;
			files = (
				A01DAD511CBBC173003F713B /* day6_locationTests.swift in Sources */,
			);
			runOnlyForDeploymentPostprocessing = 0;
		};
/* End PBXSourcesBuildPhase section */

/* Begin PBXTargetDependency section */
		A01DAD4C1CBBC173003F713B /* PBXTargetDependency */ = {
			isa = PBXTargetDependency;
			target = A01DAD341CBBC173003F713B /* day6-location */;
			targetProxy = A01DAD4B1CBBC173003F713B /* PBXContainerItemProxy */;
		};
/* End PBXTargetDependency section */

/* Begin PBXVariantGroup section */
		A01DAD3E1CBBC173003F713B /* Main.storyboard */ = {
			isa = PBXVariantGroup;
			children = (
				A01DAD3F1CBBC173003F713B /* Base */,
			);
			name = Main.storyboard;
			sourceTree = "<group>";
		};
		A01DAD431CBBC173003F713B /* LaunchScreen.xib */ = {
			isa = PBXVariantGroup;
			children = (
				A01DAD441CBBC173003F713B /* Base */,
			);
			name = LaunchScreen.xib;
			sourceTree = "<group>";
		};
/* End PBXVariantGroup section */

/* Begin XCBuildConfiguration section */
		A01DAD521CBBC173003F713B /* Debug */ = {
			isa = XCBuildConfiguration;
			buildSettings = {
				ALWAYS_SEARCH_USER_PATHS = NO;
				CLANG_CXX_LANGUAGE_STANDARD = "gnu++0x";
				CLANG_CXX_LIBRARY = "libc++";
				CLANG_ENABLE_MODULES = YES;
				CLANG_ENABLE_OBJC_ARC = YES;
				CLANG_WARN_BOOL_CONVERSION = YES;
				CLANG_WARN_CONSTANT_CONVERSION = YES;
				CLANG_WARN_DIRECT_OBJC_ISA_USAGE = YES_ERROR;
				CLANG_WARN_EMPTY_BODY = YES;
				CLANG_WARN_ENUM_CONVERSION = YES;
				CLANG_WARN_INT_CONVERSION = YES;
				CLANG_WARN_OBJC_ROOT_CLASS = YES_ERROR;
				CLANG_WARN_UNREACHABLE_CODE = YES;
				CLANG_WARN__DUPLICATE_METHOD_MATCH = YES;
				"CODE_SIGN_IDENTITY[sdk=iphoneos*]" = "iPhone Developer";
				COPY_PHASE_STRIP = NO;
				ENABLE_STRICT_OBJC_MSGSEND = YES;
				GCC_C_LANGUAGE_STANDARD = gnu99;
				GCC_DYNAMIC_NO_PIC = NO;
				GCC_OPTIMIZATION_LEVEL = 0;
				GCC_PREPROCESSOR_DEFINITIONS = (
					"DEBUG=1",
					"$(inherited)",
				);
				GCC_SYMBOLS_PRIVATE_EXTERN = NO;
				GCC_WARN_64_TO_32_BIT_CONVERSION = YES;
				GCC_WARN_ABOUT_RETURN_TYPE = YES_ERROR;
				GCC_WARN_UNDECLARED_SELECTOR = YES;
				GCC_WARN_UNINITIALIZED_AUTOS = YES_AGGRESSIVE;
				GCC_WARN_UNUSED_FUNCTION = YES;
				GCC_WARN_UNUSED_VARIABLE = YES;
				IPHONEOS_DEPLOYMENT_TARGET = 8.1;
				MTL_ENABLE_DEBUG_INFO = YES;
				ONLY_ACTIVE_ARCH = YES;
				SDKROOT = iphoneos;
				SWIFT_OPTIMIZATION_LEVEL = "-Onone";
				TARGETED_DEVICE_FAMILY = "1,2";
			};
			name = Debug;
		};
		A01DAD531CBBC173003F713B /* Release */ = {
			isa = XCBuildConfiguration;
			buildSettings = {
				ALWAYS_SEARCH_USER_PATHS = NO;
				CLANG_CXX_LANGUAGE_STANDARD = "gnu++0x";
				CLANG_CXX_LIBRARY = "libc++";
				CLANG_ENABLE_MODULES = YES;
				CLANG_ENABLE_OBJC_ARC = YES;
				CLANG_WARN_BOOL_CONVERSION = YES;
				CLANG_WARN_CONSTANT_CONVERSION = YES;
				CLANG_WARN_DIRECT_OBJC_ISA_USAGE = YES_ERROR;
				CLANG_WARN_EMPTY_BODY = YES;
				CLANG_WARN_ENUM_CONVERSION = YES;
				CLANG_WARN_INT_CONVERSION = YES;
				CLANG_WARN_OBJC_ROOT_CLASS = YES_ERROR;
				CLANG_WARN_UNREACHABLE_CODE = YES;
				CLANG_WARN__DUPLICATE_METHOD_MATCH = YES;
				"CODE_SIGN_IDENTITY[sdk=iphoneos*]" = "iPhone Developer";
				COPY_PHASE_STRIP = YES;
				ENABLE_NS_ASSERTIONS = NO;
				ENABLE_STRICT_OBJC_MSGSEND = YES;
				GCC_C_LANGUAGE_STANDARD = gnu99;
				GCC_WARN_64_TO_32_BIT_CONVERSION = YES;
				GCC_WARN_ABOUT_RETURN_TYPE = YES_ERROR;
				GCC_WARN_UNDECLARED_SELECTOR = YES;
				GCC_WARN_UNINITIALIZED_AUTOS = YES_AGGRESSIVE;
				GCC_WARN_UNUSED_FUNCTION = YES;
				GCC_WARN_UNUSED_VARIABLE = YES;
				IPHONEOS_DEPLOYMENT_TARGET = 8.1;
				MTL_ENABLE_DEBUG_INFO = NO;
				SDKROOT = iphoneos;
				TARGETED_DEVICE_FAMILY = "1,2";
				VALIDATE_PRODUCT = YES;
			};
			name = Release;
		};
		A01DAD551CBBC173003F713B /* Debug */ = {
			isa = XCBuildConfiguration;
			buildSettings = {
				ASSETCATALOG_COMPILER_APPICON_NAME = AppIcon;
				INFOPLIST_FILE = "day6-location/Info.plist";
				LD_RUNPATH_SEARCH_PATHS = "$(inherited) @executable_path/Frameworks";
				PRODUCT_NAME = "$(TARGET_NAME)";
			};
			name = Debug;
		};
		A01DAD561CBBC173003F713B /* Release */ = {
			isa = XCBuildConfiguration;
			buildSettings = {
				ASSETCATALOG_COMPILER_APPICON_NAME = AppIcon;
				INFOPLIST_FILE = "day6-location/Info.plist";
				LD_RUNPATH_SEARCH_PATHS = "$(inherited) @executable_path/Frameworks";
				PRODUCT_NAME = "$(TARGET_NAME)";
			};
			name = Release;
		};
		A01DAD581CBBC173003F713B /* Debug */ = {
			isa = XCBuildConfiguration;
			buildSettings = {
				BUNDLE_LOADER = "$(TEST_HOST)";
				FRAMEWORK_SEARCH_PATHS = (
					"$(SDKROOT)/Developer/Library/Frameworks",
					"$(inherited)",
				);
				GCC_PREPROCESSOR_DEFINITIONS = (
					"DEBUG=1",
					"$(inherited)",
				);
				INFOPLIST_FILE = "day6-locationTests/Info.plist";
				LD_RUNPATH_SEARCH_PATHS = "$(inherited) @executable_path/Frameworks @loader_path/Frameworks";
				PRODUCT_NAME = "$(TARGET_NAME)";
				TEST_HOST = "$(BUILT_PRODUCTS_DIR)/day6-location.app/day6-location";
			};
			name = Debug;
		};
		A01DAD591CBBC173003F713B /* Release */ = {
			isa = XCBuildConfiguration;
			buildSettings = {
				BUNDLE_LOADER = "$(TEST_HOST)";
				FRAMEWORK_SEARCH_PATHS = (
					"$(SDKROOT)/Developer/Library/Frameworks",
					"$(inherited)",
				);
				INFOPLIST_FILE = "day6-locationTests/Info.plist";
				LD_RUNPATH_SEARCH_PATHS = "$(inherited) @executable_path/Frameworks @loader_path/Frameworks";
				PRODUCT_NAME = "$(TARGET_NAME)";
				TEST_HOST = "$(BUILT_PRODUCTS_DIR)/day6-location.app/day6-location";
			};
			name = Release;
		};
/* End XCBuildConfiguration section */

/* Begin XCConfigurationList section */
		A01DAD301CBBC173003F713B /* Build configuration list for PBXProject "day6-location" */ = {
			isa = XCConfigurationList;
			buildConfigurations = (
				A01DAD521CBBC173003F713B /* Debug */,
				A01DAD531CBBC173003F713B /* Release */,
			);
			defaultConfigurationIsVisible = 0;
			defaultConfigurationName = Release;
		};
		A01DAD541CBBC173003F713B /* Build configuration list for PBXNativeTarget "day6-location" */ = {
			isa = XCConfigurationList;
			buildConfigurations = (
				A01DAD551CBBC173003F713B /* Debug */,
				A01DAD561CBBC173003F713B /* Release */,
			);
			defaultConfigurationIsVisible = 0;
		};
		A01DAD571CBBC173003F713B /* Build configuration list for PBXNativeTarget "day6-locationTests" */ = {
			isa = XCConfigurationList;
			buildConfigurations = (
				A01DAD581CBBC173003F713B /* Debug */,
				A01DAD591CBBC173003F713B /* Release */,
			);
			defaultConfigurationIsVisible = 0;
		};
/* End XCConfigurationList section */
	};
	rootObject = A01DAD2D1CBBC173003F713B /* Project object */;
}
