// !$*UTF8*$!
{
	archiveVersion = 1;
	classes = {
	};
	objectVersion = 46;
	objects = {

/* Begin PBXBuildFile section */
		A048DB721CBD0C6100C458A1 /* AppDelegate.swift in Sources */ = {isa = PBXBuildFile; fileRef = A048DB711CBD0C6100C458A1 /* AppDelegate.swift */; };
		A048DB741CBD0C6100C458A1 /* ViewController.swift in Sources */ = {isa = PBXBuildFile; fileRef = A048DB731CBD0C6100C458A1 /* ViewController.swift */; };
		A048DB771CBD0C6100C458A1 /* Main.storyboard in Resources */ = {isa = PBXBuildFile; fileRef = A048DB751CBD0C6100C458A1 /* Main.storyboard */; };
		A048DB791CBD0C6100C458A1 /* Images.xcassets in Resources */ = {isa = PBXBuildFile; fileRef = A048DB781CBD0C6100C458A1 /* Images.xcassets */; };
		A048DB7C1CBD0C6100C458A1 /* LaunchScreen.xib in Resources */ = {isa = PBXBuildFile; fileRef = A048DB7A1CBD0C6100C458A1 /* LaunchScreen.xib */; };
		A048DB881CBD0C6200C458A1 /* day8_randomcolorTests.swift in Sources */ = {isa = PBXBuildFile; fileRef = A048DB871CBD0C6200C458A1 /* day8_randomcolorTests.swift */; };
		A048DB921CBD0EAC00C458A1 /* Ecstasy.mp3 in Resources */ = {isa = PBXBuildFile; fileRef = A048DB911CBD0EAC00C458A1 /* Ecstasy.mp3 */; };
/* End PBXBuildFile section */

/* Begin PBXContainerItemProxy section */
		A048DB821CBD0C6200C458A1 /* PBXContainerItemProxy */ = {
			isa = PBXContainerItemProxy;
			containerPortal = A048DB641CBD0C6100C458A1 /* Project object */;
			proxyType = 1;
			remoteGlobalIDString = A048DB6B1CBD0C6100C458A1;
			remoteInfo = "day8-randomcolor";
		};
/* End PBXContainerItemProxy section */

/* Begin PBXFileReference section */
		A048DB6C1CBD0C6100C458A1 /* day8-randomcolor.app */ = {isa = PBXFileReference; explicitFileType = wrapper.application; includeInIndex = 0; path = "day8-randomcolor.app"; sourceTree = BUILT_PRODUCTS_DIR; };
		A048DB701CBD0C6100C458A1 /* Info.plist */ = {isa = PBXFileReference; lastKnownFileType = text.plist.xml; path = Info.plist; sourceTree = "<group>"; };
		A048DB711CBD0C6100C458A1 /* AppDelegate.swift */ = {isa = PBXFileReference; lastKnownFileType = sourcecode.swift; path = AppDelegate.swift; sourceTree = "<group>"; };
		A048DB731CBD0C6100C458A1 /* ViewController.swift */ = {isa = PBXFileReference; lastKnownFileType = sourcecode.swift; path = ViewController.swift; sourceTree = "<group>"; };
		A048DB761CBD0C6100C458A1 /* Base */ = {isa = PBXFileReference; lastKnownFileType = file.storyboard; name = Base; path = Base.lproj/Main.storyboard; sourceTree = "<group>"; };
		A048DB781CBD0C6100C458A1 /* Images.xcassets */ = {isa = PBXFileReference; lastKnownFileType = folder.assetcatalog; path = Images.xcassets; sourceTree = "<group>"; };
		A048DB7B1CBD0C6100C458A1 /* Base */ = {isa = PBXFileReference; lastKnownFileType = file.xib; name = Base; path = Base.lproj/LaunchScreen.xib; sourceTree = "<group>"; };
		A048DB811CBD0C6200C458A1 /* day8-randomcolorTests.xctest */ = {isa = PBXFileReference; explicitFileType = wrapper.cfbundle; includeInIndex = 0; path = "day8-randomcolorTests.xctest"; sourceTree = BUILT_PRODUCTS_DIR; };
		A048DB861CBD0C6200C458A1 /* Info.plist */ = {isa = PBXFileReference; lastKnownFileType = text.plist.xml; path = Info.plist; sourceTree = "<group>"; };
		A048DB871CBD0C6200C458A1 /* day8_randomcolorTests.swift */ = {isa = PBXFileReference; lastKnownFileType = sourcecode.swift; path = day8_randomcolorTests.swift; sourceTree = "<group>"; };
		A048DB911CBD0EAC00C458A1 /* Ecstasy.mp3 */ = {isa = PBXFileReference; lastKnownFileType = audio.mp3; path = Ecstasy.mp3; sourceTree = "<group>"; };
/* End PBXFileReference section */

/* Begin PBXFrameworksBuildPhase section */
		A048DB691CBD0C6100C458A1 /* Frameworks */ = {
			isa = PBXFrameworksBuildPhase;
			buildActionMask = 2147483647;
			files = (
			);
			runOnlyForDeploymentPostprocessing = 0;
		};
		A048DB7E1CBD0C6200C458A1 /* Frameworks */ = {
			isa = PBXFrameworksBuildPhase;
			buildActionMask = 2147483647;
			files = (
			);
			runOnlyForDeploymentPostprocessing = 0;
		};
/* End PBXFrameworksBuildPhase section */

/* Begin PBXGroup section */
		A048DB631CBD0C6100C458A1 = {
			isa = PBXGroup;
			children = (
				A048DB6E1CBD0C6100C458A1 /* day8-randomcolor */,
				A048DB841CBD0C6200C458A1 /* day8-randomcolorTests */,
				A048DB6D1CBD0C6100C458A1 /* Products */,
			);
			sourceTree = "<group>";
		};
		A048DB6D1CBD0C6100C458A1 /* Products */ = {
			isa = PBXGroup;
			children = (
				A048DB6C1CBD0C6100C458A1 /* day8-randomcolor.app */,
				A048DB811CBD0C6200C458A1 /* day8-randomcolorTests.xctest */,
			);
			name = Products;
			sourceTree = "<group>";
		};
		A048DB6E1CBD0C6100C458A1 /* day8-randomcolor */ = {
			isa = PBXGroup;
			children = (
				A048DB911CBD0EAC00C458A1 /* Ecstasy.mp3 */,
				A048DB711CBD0C6100C458A1 /* AppDelegate.swift */,
				A048DB731CBD0C6100C458A1 /* ViewController.swift */,
				A048DB751CBD0C6100C458A1 /* Main.storyboard */,
				A048DB781CBD0C6100C458A1 /* Images.xcassets */,
				A048DB7A1CBD0C6100C458A1 /* LaunchScreen.xib */,
				A048DB6F1CBD0C6100C458A1 /* Supporting Files */,
			);
			path = "day8-randomcolor";
			sourceTree = "<group>";
		};
		A048DB6F1CBD0C6100C458A1 /* Supporting Files */ = {
			isa = PBXGroup;
			children = (
				A048DB701CBD0C6100C458A1 /* Info.plist */,
			);
			name = "Supporting Files";
			sourceTree = "<group>";
		};
		A048DB841CBD0C6200C458A1 /* day8-randomcolorTests */ = {
			isa = PBXGroup;
			children = (
				A048DB871CBD0C6200C458A1 /* day8_randomcolorTests.swift */,
				A048DB851CBD0C6200C458A1 /* Supporting Files */,
			);
			path = "day8-randomcolorTests";
			sourceTree = "<group>";
		};
		A048DB851CBD0C6200C458A1 /* Supporting Files */ = {
			isa = PBXGroup;
			children = (
				A048DB861CBD0C6200C458A1 /* Info.plist */,
			);
			name = "Supporting Files";
			sourceTree = "<group>";
		};
/* End PBXGroup section */

/* Begin PBXNativeTarget section */
		A048DB6B1CBD0C6100C458A1 /* day8-randomcolor */ = {
			isa = PBXNativeTarget;
			buildConfigurationList = A048DB8B1CBD0C6200C458A1 /* Build configuration list for PBXNativeTarget "day8-randomcolor" */;
			buildPhases = (
				A048DB681CBD0C6100C458A1 /* Sources */,
				A048DB691CBD0C6100C458A1 /* Frameworks */,
				A048DB6A1CBD0C6100C458A1 /* Resources */,
			);
			buildRules = (
			);
			dependencies = (
			);
			name = "day8-randomcolor";
			productName = "day8-randomcolor";
			productReference = A048DB6C1CBD0C6100C458A1 /* day8-randomcolor.app */;
			productType = "com.apple.product-type.application";
		};
		A048DB801CBD0C6200C458A1 /* day8-randomcolorTests */ = {
			isa = PBXNativeTarget;
			buildConfigurationList = A048DB8E1CBD0C6200C458A1 /* Build configuration list for PBXNativeTarget "day8-randomcolorTests" */;
			buildPhases = (
				A048DB7D1CBD0C6200C458A1 /* Sources */,
				A048DB7E1CBD0C6200C458A1 /* Frameworks */,
				A048DB7F1CBD0C6200C458A1 /* Resources */,
			);
			buildRules = (
			);
			dependencies = (
				A048DB831CBD0C6200C458A1 /* PBXTargetDependency */,
			);
			name = "day8-randomcolorTests";
			productName = "day8-randomcolorTests";
			productReference = A048DB811CBD0C6200C458A1 /* day8-randomcolorTests.xctest */;
			productType = "com.apple.product-type.bundle.unit-test";
		};
/* End PBXNativeTarget section */

/* Begin PBXProject section */
		A048DB641CBD0C6100C458A1 /* Project object */ = {
			isa = PBXProject;
			attributes = {
				LastSwiftMigration = 0720;
				LastSwiftUpdateCheck = 0720;
				LastUpgradeCheck = 0720;
				ORGANIZATIONNAME = sightcorner;
				TargetAttributes = {
					A048DB6B1CBD0C6100C458A1 = {
						CreatedOnToolsVersion = 6.1.1;
					};
					A048DB801CBD0C6200C458A1 = {
						CreatedOnToolsVersion = 6.1.1;
						TestTargetID = A048DB6B1CBD0C6100C458A1;
					};
				};
			};
			buildConfigurationList = A048DB671CBD0C6100C458A1 /* Build configuration list for PBXProject "day8-randomcolor" */;
			compatibilityVersion = "Xcode 3.2";
			developmentRegion = English;
			hasScannedForEncodings = 0;
			knownRegions = (
				en,
				Base,
			);
			mainGroup = A048DB631CBD0C6100C458A1;
			productRefGroup = A048DB6D1CBD0C6100C458A1 /* Products */;
			projectDirPath = "";
			projectRoot = "";
			targets = (
				A048DB6B1CBD0C6100C458A1 /* day8-randomcolor */,
				A048DB801CBD0C6200C458A1 /* day8-randomcolorTests */,
			);
		};
/* End PBXProject section */

/* Begin PBXResourcesBuildPhase section */
		A048DB6A1CBD0C6100C458A1 /* Resources */ = {
			isa = PBXResourcesBuildPhase;
			buildActionMask = 2147483647;
			files = (
				A048DB771CBD0C6100C458A1 /* Main.storyboard in Resources */,
				A048DB921CBD0EAC00C458A1 /* Ecstasy.mp3 in Resources */,
				A048DB7C1CBD0C6100C458A1 /* LaunchScreen.xib in Resources */,
				A048DB791CBD0C6100C458A1 /* Images.xcassets in Resources */,
			);
			runOnlyForDeploymentPostprocessing = 0;
		};
		A048DB7F1CBD0C6200C458A1 /* Resources */ = {
			isa = PBXResourcesBuildPhase;
			buildActionMask = 2147483647;
			files = (
			);
			runOnlyForDeploymentPostprocessing = 0;
		};
/* End PBXResourcesBuildPhase section */

/* Begin PBXSourcesBuildPhase section */
		A048DB681CBD0C6100C458A1 /* Sources */ = {
			isa = PBXSourcesBuildPhase;
			buildActionMask = 2147483647;
			files = (
				A048DB741CBD0C6100C458A1 /* ViewController.swift in Sources */,
				A048DB721CBD0C6100C458A1 /* AppDelegate.swift in Sources */,
			);
			runOnlyForDeploymentPostprocessing = 0;
		};
		A048DB7D1CBD0C6200C458A1 /* Sources */ = {
			isa = PBXSourcesBuildPhase;
			buildActionMask = 2147483647;
			files = (
				A048DB881CBD0C6200C458A1 /* day8_randomcolorTests.swift in Sources */,
			);
			runOnlyForDeploymentPostprocessing = 0;
		};
/* End PBXSourcesBuildPhase section */

/* Begin PBXTargetDependency section */
		A048DB831CBD0C6200C458A1 /* PBXTargetDependency */ = {
			isa = PBXTargetDependency;
			target = A048DB6B1CBD0C6100C458A1 /* day8-randomcolor */;
			targetProxy = A048DB821CBD0C6200C458A1 /* PBXContainerItemProxy */;
		};
/* End PBXTargetDependency section */

/* Begin PBXVariantGroup section */
		A048DB751CBD0C6100C458A1 /* Main.storyboard */ = {
			isa = PBXVariantGroup;
			children = (
				A048DB761CBD0C6100C458A1 /* Base */,
			);
			name = Main.storyboard;
			sourceTree = "<group>";
		};
		A048DB7A1CBD0C6100C458A1 /* LaunchScreen.xib */ = {
			isa = PBXVariantGroup;
			children = (
				A048DB7B1CBD0C6100C458A1 /* Base */,
			);
			name = LaunchScreen.xib;
			sourceTree = "<group>";
		};
/* End PBXVariantGroup section */

/* Begin XCBuildConfiguration section */
		A048DB891CBD0C6200C458A1 /* Debug */ = {
			isa = XCBuildConfiguration;
			buildSettings = {
				ALWAYS_SEARCH_USER_PATHS = NO;
				CLANG_CXX_LANGUAGE_STANDARD = "gnu++0x";
				CLANG_CXX_LIBRARY = "libc++";
				CLANG_ENABLE_MODULES = YES;
				CLANG_ENABLE_OBJC_ARC = YES;
				CLANG_WARN_BOOL_CONVERSION = YES;
				CLANG_WARN_CONSTANT_CONVERSION = YES;
				CLANG_WARN_DIRECT_OBJC_ISA_USAGE = YES_ERROR;
				CLANG_WARN_EMPTY_BODY = YES;
				CLANG_WARN_ENUM_CONVERSION = YES;
				CLANG_WARN_INT_CONVERSION = YES;
				CLANG_WARN_OBJC_ROOT_CLASS = YES_ERROR;
				CLANG_WARN_UNREACHABLE_CODE = YES;
				CLANG_WARN__DUPLICATE_METHOD_MATCH = YES;
				"CODE_SIGN_IDENTITY[sdk=iphoneos*]" = "iPhone Developer";
				COPY_PHASE_STRIP = NO;
				ENABLE_STRICT_OBJC_MSGSEND = YES;
				ENABLE_TESTABILITY = YES;
				GCC_C_LANGUAGE_STANDARD = gnu99;
				GCC_DYNAMIC_NO_PIC = NO;
				GCC_OPTIMIZATION_LEVEL = 0;
				GCC_PREPROCESSOR_DEFINITIONS = (
					"DEBUG=1",
					"$(inherited)",
				);
				GCC_SYMBOLS_PRIVATE_EXTERN = NO;
				GCC_WARN_64_TO_32_BIT_CONVERSION = YES;
				GCC_WARN_ABOUT_RETURN_TYPE = YES_ERROR;
				GCC_WARN_UNDECLARED_SELECTOR = YES;
				GCC_WARN_UNINITIALIZED_AUTOS = YES_AGGRESSIVE;
				GCC_WARN_UNUSED_FUNCTION = YES;
				GCC_WARN_UNUSED_VARIABLE = YES;
				IPHONEOS_DEPLOYMENT_TARGET = 8.1;
				MTL_ENABLE_DEBUG_INFO = YES;
				ONLY_ACTIVE_ARCH = YES;
				SDKROOT = iphoneos;
				SWIFT_OPTIMIZATION_LEVEL = "-Onone";
				TARGETED_DEVICE_FAMILY = "1,2";
			};
			name = Debug;
		};
		A048DB8A1CBD0C6200C458A1 /* Release */ = {
			isa = XCBuildConfiguration;
			buildSettings = {
				ALWAYS_SEARCH_USER_PATHS = NO;
				CLANG_CXX_LANGUAGE_STANDARD = "gnu++0x";
				CLANG_CXX_LIBRARY = "libc++";
				CLANG_ENABLE_MODULES = YES;
				CLANG_ENABLE_OBJC_ARC = YES;
				CLANG_WARN_BOOL_CONVERSION = YES;
				CLANG_WARN_CONSTANT_CONVERSION = YES;
				CLANG_WARN_DIRECT_OBJC_ISA_USAGE = YES_ERROR;
				CLANG_WARN_EMPTY_BODY = YES;
				CLANG_WARN_ENUM_CONVERSION = YES;
				CLANG_WARN_INT_CONVERSION = YES;
				CLANG_WARN_OBJC_ROOT_CLASS = YES_ERROR;
				CLANG_WARN_UNREACHABLE_CODE = YES;
				CLANG_WARN__DUPLICATE_METHOD_MATCH = YES;
				"CODE_SIGN_IDENTITY[sdk=iphoneos*]" = "iPhone Developer";
				COPY_PHASE_STRIP = YES;
				ENABLE_NS_ASSERTIONS = NO;
				ENABLE_STRICT_OBJC_MSGSEND = YES;
				GCC_C_LANGUAGE_STANDARD = gnu99;
				GCC_WARN_64_TO_32_BIT_CONVERSION = YES;
				GCC_WARN_ABOUT_RETURN_TYPE = YES_ERROR;
				GCC_WARN_UNDECLARED_SELECTOR = YES;
				GCC_WARN_UNINITIALIZED_AUTOS = YES_AGGRESSIVE;
				GCC_WARN_UNUSED_FUNCTION = YES;
				GCC_WARN_UNUSED_VARIABLE = YES;
				IPHONEOS_DEPLOYMENT_TARGET = 8.1;
				MTL_ENABLE_DEBUG_INFO = NO;
				SDKROOT = iphoneos;
				TARGETED_DEVICE_FAMILY = "1,2";
				VALIDATE_PRODUCT = YES;
			};
			name = Release;
		};
		A048DB8C1CBD0C6200C458A1 /* Debug */ = {
			isa = XCBuildConfiguration;
			buildSettings = {
				ASSETCATALOG_COMPILER_APPICON_NAME = AppIcon;
				INFOPLIST_FILE = "day8-randomcolor/Info.plist";
				LD_RUNPATH_SEARCH_PATHS = "$(inherited) @executable_path/Frameworks";
				PRODUCT_BUNDLE_IDENTIFIER = "com.sightcorner.$(PRODUCT_NAME:rfc1034identifier)";
				PRODUCT_NAME = "$(TARGET_NAME)";
			};
			name = Debug;
		};
		A048DB8D1CBD0C6200C458A1 /* Release */ = {
			isa = XCBuildConfiguration;
			buildSettings = {
				ASSETCATALOG_COMPILER_APPICON_NAME = AppIcon;
				INFOPLIST_FILE = "day8-randomcolor/Info.plist";
				LD_RUNPATH_SEARCH_PATHS = "$(inherited) @executable_path/Frameworks";
				PRODUCT_BUNDLE_IDENTIFIER = "com.sightcorner.$(PRODUCT_NAME:rfc1034identifier)";
				PRODUCT_NAME = "$(TARGET_NAME)";
			};
			name = Release;
		};
		A048DB8F1CBD0C6200C458A1 /* Debug */ = {
			isa = XCBuildConfiguration;
			buildSettings = {
				BUNDLE_LOADER = "$(TEST_HOST)";
				FRAMEWORK_SEARCH_PATHS = (
					"$(SDKROOT)/Developer/Library/Frameworks",
					"$(inherited)",
				);
				GCC_PREPROCESSOR_DEFINITIONS = (
					"DEBUG=1",
					"$(inherited)",
				);
				INFOPLIST_FILE = "day8-randomcolorTests/Info.plist";
				LD_RUNPATH_SEARCH_PATHS = "$(inherited) @executable_path/Frameworks @loader_path/Frameworks";
				PRODUCT_BUNDLE_IDENTIFIER = "com.sightcorner.$(PRODUCT_NAME:rfc1034identifier)";
				PRODUCT_NAME = "$(TARGET_NAME)";
				TEST_HOST = "$(BUILT_PRODUCTS_DIR)/day8-randomcolor.app/day8-randomcolor";
			};
			name = Debug;
		};
		A048DB901CBD0C6200C458A1 /* Release */ = {
			isa = XCBuildConfiguration;
			buildSettings = {
				BUNDLE_LOADER = "$(TEST_HOST)";
				FRAMEWORK_SEARCH_PATHS = (
					"$(SDKROOT)/Developer/Library/Frameworks",
					"$(inherited)",
				);
				INFOPLIST_FILE = "day8-randomcolorTests/Info.plist";
				LD_RUNPATH_SEARCH_PATHS = "$(inherited) @executable_path/Frameworks @loader_path/Frameworks";
				PRODUCT_BUNDLE_IDENTIFIER = "com.sightcorner.$(PRODUCT_NAME:rfc1034identifier)";
				PRODUCT_NAME = "$(TARGET_NAME)";
				TEST_HOST = "$(BUILT_PRODUCTS_DIR)/day8-randomcolor.app/day8-randomcolor";
			};
			name = Release;
		};
/* End XCBuildConfiguration section */

/* Begin XCConfigurationList section */
		A048DB671CBD0C6100C458A1 /* Build configuration list for PBXProject "day8-randomcolor" */ = {
			isa = XCConfigurationList;
			buildConfigurations = (
				A048DB891CBD0C6200C458A1 /* Debug */,
				A048DB8A1CBD0C6200C458A1 /* Release */,
			);
			defaultConfigurationIsVisible = 0;
			defaultConfigurationName = Release;
		};
		A048DB8B1CBD0C6200C458A1 /* Build configuration list for PBXNativeTarget "day8-randomcolor" */ = {
			isa = XCConfigurationList;
			buildConfigurations = (
				A048DB8C1CBD0C6200C458A1 /* Debug */,
				A048DB8D1CBD0C6200C458A1 /* Release */,
			);
			defaultConfigurationIsVisible = 0;
			defaultConfigurationName = Release;
		};
		A048DB8E1CBD0C6200C458A1 /* Build configuration list for PBXNativeTarget "day8-randomcolorTests" */ = {
			isa = XCConfigurationList;
			buildConfigurations = (
				A048DB8F1CBD0C6200C458A1 /* Debug */,
				A048DB901CBD0C6200C458A1 /* Release */,
			);
			defaultConfigurationIsVisible = 0;
			defaultConfigurationName = Release;
		};
/* End XCConfigurationList section */
	};
	rootObject = A048DB641CBD0C6100C458A1 /* Project object */;
}
