// !$*UTF8*$!
{
	archiveVersion = 1;
	classes = {
	};
	objectVersion = 46;
	objects = {

/* Begin PBXBuildFile section */
		A03DB76A1CBCDB7700256378 /* AppDelegate.swift in Sources */ = {isa = PBXBuildFile; fileRef = A03DB7691CBCDB7700256378 /* AppDelegate.swift */; };
		A03DB76C1CBCDB7700256378 /* ViewController.swift in Sources */ = {isa = PBXBuildFile; fileRef = A03DB76B1CBCDB7700256378 /* ViewController.swift */; };
		A03DB76F1CBCDB7700256378 /* Main.storyboard in Resources */ = {isa = PBXBuildFile; fileRef = A03DB76D1CBCDB7700256378 /* Main.storyboard */; };
		A03DB7711CBCDB7700256378 /* Images.xcassets in Resources */ = {isa = PBXBuildFile; fileRef = A03DB7701CBCDB7700256378 /* Images.xcassets */; };
		A03DB7741CBCDB7700256378 /* LaunchScreen.xib in Resources */ = {isa = PBXBuildFile; fileRef = A03DB7721CBCDB7700256378 /* LaunchScreen.xib */; };
		A03DB7801CBCDB7700256378 /* day7_pullinfoTests.swift in Sources */ = {isa = PBXBuildFile; fileRef = A03DB77F1CBCDB7700256378 /* day7_pullinfoTests.swift */; };
/* End PBXBuildFile section */

/* Begin PBXContainerItemProxy section */
		A03DB77A1CBCDB7700256378 /* PBXContainerItemProxy */ = {
			isa = PBXContainerItemProxy;
			containerPortal = A03DB75C1CBCDB7700256378 /* Project object */;
			proxyType = 1;
			remoteGlobalIDString = A03DB7631CBCDB7700256378;
			remoteInfo = "day7-pullinfo";
		};
/* End PBXContainerItemProxy section */

/* Begin PBXFileReference section */
		A03DB7641CBCDB7700256378 /* day7-pullinfo.app */ = {isa = PBXFileReference; explicitFileType = wrapper.application; includeInIndex = 0; path = "day7-pullinfo.app"; sourceTree = BUILT_PRODUCTS_DIR; };
		A03DB7681CBCDB7700256378 /* Info.plist */ = {isa = PBXFileReference; lastKnownFileType = text.plist.xml; path = Info.plist; sourceTree = "<group>"; };
		A03DB7691CBCDB7700256378 /* AppDelegate.swift */ = {isa = PBXFileReference; lastKnownFileType = sourcecode.swift; path = AppDelegate.swift; sourceTree = "<group>"; };
		A03DB76B1CBCDB7700256378 /* ViewController.swift */ = {isa = PBXFileReference; lastKnownFileType = sourcecode.swift; path = ViewController.swift; sourceTree = "<group>"; };
		A03DB76E1CBCDB7700256378 /* Base */ = {isa = PBXFileReference; lastKnownFileType = file.storyboard; name = Base; path = Base.lproj/Main.storyboard; sourceTree = "<group>"; };
		A03DB7701CBCDB7700256378 /* Images.xcassets */ = {isa = PBXFileReference; lastKnownFileType = folder.assetcatalog; path = Images.xcassets; sourceTree = "<group>"; };
		A03DB7731CBCDB7700256378 /* Base */ = {isa = PBXFileReference; lastKnownFileType = file.xib; name = Base; path = Base.lproj/LaunchScreen.xib; sourceTree = "<group>"; };
		A03DB7791CBCDB7700256378 /* day7-pullinfoTests.xctest */ = {isa = PBXFileReference; explicitFileType = wrapper.cfbundle; includeInIndex = 0; path = "day7-pullinfoTests.xctest"; sourceTree = BUILT_PRODUCTS_DIR; };
		A03DB77E1CBCDB7700256378 /* Info.plist */ = {isa = PBXFileReference; lastKnownFileType = text.plist.xml; path = Info.plist; sourceTree = "<group>"; };
		A03DB77F1CBCDB7700256378 /* day7_pullinfoTests.swift */ = {isa = PBXFileReference; lastKnownFileType = sourcecode.swift; path = day7_pullinfoTests.swift; sourceTree = "<group>"; };
/* End PBXFileReference section */

/* Begin PBXFrameworksBuildPhase section */
		A03DB7611CBCDB7700256378 /* Frameworks */ = {
			isa = PBXFrameworksBuildPhase;
			buildActionMask = 2147483647;
			files = (
			);
			runOnlyForDeploymentPostprocessing = 0;
		};
		A03DB7761CBCDB7700256378 /* Frameworks */ = {
			isa = PBXFrameworksBuildPhase;
			buildActionMask = 2147483647;
			files = (
			);
			runOnlyForDeploymentPostprocessing = 0;
		};
/* End PBXFrameworksBuildPhase section */

/* Begin PBXGroup section */
		A03DB75B1CBCDB7700256378 = {
			isa = PBXGroup;
			children = (
				A03DB7661CBCDB7700256378 /* day7-pullinfo */,
				A03DB77C1CBCDB7700256378 /* day7-pullinfoTests */,
				A03DB7651CBCDB7700256378 /* Products */,
			);
			sourceTree = "<group>";
		};
		A03DB7651CBCDB7700256378 /* Products */ = {
			isa = PBXGroup;
			children = (
				A03DB7641CBCDB7700256378 /* day7-pullinfo.app */,
				A03DB7791CBCDB7700256378 /* day7-pullinfoTests.xctest */,
			);
			name = Products;
			sourceTree = "<group>";
		};
		A03DB7661CBCDB7700256378 /* day7-pullinfo */ = {
			isa = PBXGroup;
			children = (
				A03DB7691CBCDB7700256378 /* AppDelegate.swift */,
				A03DB76B1CBCDB7700256378 /* ViewController.swift */,
				A03DB76D1CBCDB7700256378 /* Main.storyboard */,
				A03DB7701CBCDB7700256378 /* Images.xcassets */,
				A03DB7721CBCDB7700256378 /* LaunchScreen.xib */,
				A03DB7671CBCDB7700256378 /* Supporting Files */,
			);
			path = "day7-pullinfo";
			sourceTree = "<group>";
		};
		A03DB7671CBCDB7700256378 /* Supporting Files */ = {
			isa = PBXGroup;
			children = (
				A03DB7681CBCDB7700256378 /* Info.plist */,
			);
			name = "Supporting Files";
			sourceTree = "<group>";
		};
		A03DB77C1CBCDB7700256378 /* day7-pullinfoTests */ = {
			isa = PBXGroup;
			children = (
				A03DB77F1CBCDB7700256378 /* day7_pullinfoTests.swift */,
				A03DB77D1CBCDB7700256378 /* Supporting Files */,
			);
			path = "day7-pullinfoTests";
			sourceTree = "<group>";
		};
		A03DB77D1CBCDB7700256378 /* Supporting Files */ = {
			isa = PBXGroup;
			children = (
				A03DB77E1CBCDB7700256378 /* Info.plist */,
			);
			name = "Supporting Files";
			sourceTree = "<group>";
		};
/* End PBXGroup section */

/* Begin PBXNativeTarget section */
		A03DB7631CBCDB7700256378 /* day7-pullinfo */ = {
			isa = PBXNativeTarget;
			buildConfigurationList = A03DB7831CBCDB7700256378 /* Build configuration list for PBXNativeTarget "day7-pullinfo" */;
			buildPhases = (
				A03DB7601CBCDB7700256378 /* Sources */,
				A03DB7611CBCDB7700256378 /* Frameworks */,
				A03DB7621CBCDB7700256378 /* Resources */,
			);
			buildRules = (
			);
			dependencies = (
			);
			name = "day7-pullinfo";
			productName = "day7-pullinfo";
			productReference = A03DB7641CBCDB7700256378 /* day7-pullinfo.app */;
			productType = "com.apple.product-type.application";
		};
		A03DB7781CBCDB7700256378 /* day7-pullinfoTests */ = {
			isa = PBXNativeTarget;
			buildConfigurationList = A03DB7861CBCDB7700256378 /* Build configuration list for PBXNativeTarget "day7-pullinfoTests" */;
			buildPhases = (
				A03DB7751CBCDB7700256378 /* Sources */,
				A03DB7761CBCDB7700256378 /* Frameworks */,
				A03DB7771CBCDB7700256378 /* Resources */,
			);
			buildRules = (
			);
			dependencies = (
				A03DB77B1CBCDB7700256378 /* PBXTargetDependency */,
			);
			name = "day7-pullinfoTests";
			productName = "day7-pullinfoTests";
			productReference = A03DB7791CBCDB7700256378 /* day7-pullinfoTests.xctest */;
			productType = "com.apple.product-type.bundle.unit-test";
		};
/* End PBXNativeTarget section */

/* Begin PBXProject section */
		A03DB75C1CBCDB7700256378 /* Project object */ = {
			isa = PBXProject;
			attributes = {
				LastUpgradeCheck = 0610;
				ORGANIZATIONNAME = sightcorner;
				TargetAttributes = {
					A03DB7631CBCDB7700256378 = {
						CreatedOnToolsVersion = 6.1.1;
					};
					A03DB7781CBCDB7700256378 = {
						CreatedOnToolsVersion = 6.1.1;
						TestTargetID = A03DB7631CBCDB7700256378;
					};
				};
			};
			buildConfigurationList = A03DB75F1CBCDB7700256378 /* Build configuration list for PBXProject "day7-pullinfo" */;
			compatibilityVersion = "Xcode 3.2";
			developmentRegion = English;
			hasScannedForEncodings = 0;
			knownRegions = (
				en,
				Base,
			);
			mainGroup = A03DB75B1CBCDB7700256378;
			productRefGroup = A03DB7651CBCDB7700256378 /* Products */;
			projectDirPath = "";
			projectRoot = "";
			targets = (
				A03DB7631CBCDB7700256378 /* day7-pullinfo */,
				A03DB7781CBCDB7700256378 /* day7-pullinfoTests */,
			);
		};
/* End PBXProject section */

/* Begin PBXResourcesBuildPhase section */
		A03DB7621CBCDB7700256378 /* Resources */ = {
			isa = PBXResourcesBuildPhase;
			buildActionMask = 2147483647;
			files = (
				A03DB76F1CBCDB7700256378 /* Main.storyboard in Resources */,
				A03DB7741CBCDB7700256378 /* LaunchScreen.xib in Resources */,
				A03DB7711CBCDB7700256378 /* Images.xcassets in Resources */,
			);
			runOnlyForDeploymentPostprocessing = 0;
		};
		A03DB7771CBCDB7700256378 /* Resources */ = {
			isa = PBXResourcesBuildPhase;
			buildActionMask = 2147483647;
			files = (
			);
			runOnlyForDeploymentPostprocessing = 0;
		};
/* End PBXResourcesBuildPhase section */

/* Begin PBXSourcesBuildPhase section */
		A03DB7601CBCDB7700256378 /* Sources */ = {
			isa = PBXSourcesBuildPhase;
			buildActionMask = 2147483647;
			files = (
				A03DB76C1CBCDB7700256378 /* ViewController.swift in Sources */,
				A03DB76A1CBCDB7700256378 /* AppDelegate.swift in Sources */,
			);
			runOnlyForDeploymentPostprocessing = 0;
		};
		A03DB7751CBCDB7700256378 /* Sources */ = {
			isa = PBXSourcesBuildPhase;
			buildActionMask = 2147483647;
			files = (
				A03DB7801CBCDB7700256378 /* day7_pullinfoTests.swift in Sources */,
			);
			runOnlyForDeploymentPostprocessing = 0;
		};
/* End PBXSourcesBuildPhase section */

/* Begin PBXTargetDependency section */
		A03DB77B1CBCDB7700256378 /* PBXTargetDependency */ = {
			isa = PBXTargetDependency;
			target = A03DB7631CBCDB7700256378 /* day7-pullinfo */;
			targetProxy = A03DB77A1CBCDB7700256378 /* PBXContainerItemProxy */;
		};
/* End PBXTargetDependency section */

/* Begin PBXVariantGroup section */
		A03DB76D1CBCDB7700256378 /* Main.storyboard */ = {
			isa = PBXVariantGroup;
			children = (
				A03DB76E1CBCDB7700256378 /* Base */,
			);
			name = Main.storyboard;
			sourceTree = "<group>";
		};
		A03DB7721CBCDB7700256378 /* LaunchScreen.xib */ = {
			isa = PBXVariantGroup;
			children = (
				A03DB7731CBCDB7700256378 /* Base */,
			);
			name = LaunchScreen.xib;
			sourceTree = "<group>";
		};
/* End PBXVariantGroup section */

/* Begin XCBuildConfiguration section */
		A03DB7811CBCDB7700256378 /* Debug */ = {
			isa = XCBuildConfiguration;
			buildSettings = {
				ALWAYS_SEARCH_USER_PATHS = NO;
				CLANG_CXX_LANGUAGE_STANDARD = "gnu++0x";
				CLANG_CXX_LIBRARY = "libc++";
				CLANG_ENABLE_MODULES = YES;
				CLANG_ENABLE_OBJC_ARC = YES;
				CLANG_WARN_BOOL_CONVERSION = YES;
				CLANG_WARN_CONSTANT_CONVERSION = YES;
				CLANG_WARN_DIRECT_OBJC_ISA_USAGE = YES_ERROR;
				CLANG_WARN_EMPTY_BODY = YES;
				CLANG_WARN_ENUM_CONVERSION = YES;
				CLANG_WARN_INT_CONVERSION = YES;
				CLANG_WARN_OBJC_ROOT_CLASS = YES_ERROR;
				CLANG_WARN_UNREACHABLE_CODE = YES;
				CLANG_WARN__DUPLICATE_METHOD_MATCH = YES;
				"CODE_SIGN_IDENTITY[sdk=iphoneos*]" = "iPhone Developer";
				COPY_PHASE_STRIP = NO;
				ENABLE_STRICT_OBJC_MSGSEND = YES;
				GCC_C_LANGUAGE_STANDARD = gnu99;
				GCC_DYNAMIC_NO_PIC = NO;
				GCC_OPTIMIZATION_LEVEL = 0;
				GCC_PREPROCESSOR_DEFINITIONS = (
					"DEBUG=1",
					"$(inherited)",
				);
				GCC_SYMBOLS_PRIVATE_EXTERN = NO;
				GCC_WARN_64_TO_32_BIT_CONVERSION = YES;
				GCC_WARN_ABOUT_RETURN_TYPE = YES_ERROR;
				GCC_WARN_UNDECLARED_SELECTOR = YES;
				GCC_WARN_UNINITIALIZED_AUTOS = YES_AGGRESSIVE;
				GCC_WARN_UNUSED_FUNCTION = YES;
				GCC_WARN_UNUSED_VARIABLE = YES;
				IPHONEOS_DEPLOYMENT_TARGET = 8.1;
				MTL_ENABLE_DEBUG_INFO = YES;
				ONLY_ACTIVE_ARCH = YES;
				SDKROOT = iphoneos;
				SWIFT_OPTIMIZATION_LEVEL = "-Onone";
				TARGETED_DEVICE_FAMILY = "1,2";
			};
			name = Debug;
		};
		A03DB7821CBCDB7700256378 /* Release */ = {
			isa = XCBuildConfiguration;
			buildSettings = {
				ALWAYS_SEARCH_USER_PATHS = NO;
				CLANG_CXX_LANGUAGE_STANDARD = "gnu++0x";
				CLANG_CXX_LIBRARY = "libc++";
				CLANG_ENABLE_MODULES = YES;
				CLANG_ENABLE_OBJC_ARC = YES;
				CLANG_WARN_BOOL_CONVERSION = YES;
				CLANG_WARN_CONSTANT_CONVERSION = YES;
				CLANG_WARN_DIRECT_OBJC_ISA_USAGE = YES_ERROR;
				CLANG_WARN_EMPTY_BODY = YES;
				CLANG_WARN_ENUM_CONVERSION = YES;
				CLANG_WARN_INT_CONVERSION = YES;
				CLANG_WARN_OBJC_ROOT_CLASS = YES_ERROR;
				CLANG_WARN_UNREACHABLE_CODE = YES;
				CLANG_WARN__DUPLICATE_METHOD_MATCH = YES;
				"CODE_SIGN_IDENTITY[sdk=iphoneos*]" = "iPhone Developer";
				COPY_PHASE_STRIP = YES;
				ENABLE_NS_ASSERTIONS = NO;
				ENABLE_STRICT_OBJC_MSGSEND = YES;
				GCC_C_LANGUAGE_STANDARD = gnu99;
				GCC_WARN_64_TO_32_BIT_CONVERSION = YES;
				GCC_WARN_ABOUT_RETURN_TYPE = YES_ERROR;
				GCC_WARN_UNDECLARED_SELECTOR = YES;
				GCC_WARN_UNINITIALIZED_AUTOS = YES_AGGRESSIVE;
				GCC_WARN_UNUSED_FUNCTION = YES;
				GCC_WARN_UNUSED_VARIABLE = YES;
				IPHONEOS_DEPLOYMENT_TARGET = 8.1;
				MTL_ENABLE_DEBUG_INFO = NO;
				SDKROOT = iphoneos;
				TARGETED_DEVICE_FAMILY = "1,2";
				VALIDATE_PRODUCT = YES;
			};
			name = Release;
		};
		A03DB7841CBCDB7700256378 /* Debug */ = {
			isa = XCBuildConfiguration;
			buildSettings = {
				ASSETCATALOG_COMPILER_APPICON_NAME = AppIcon;
				INFOPLIST_FILE = "day7-pullinfo/Info.plist";
				LD_RUNPATH_SEARCH_PATHS = "$(inherited) @executable_path/Frameworks";
				PRODUCT_NAME = "$(TARGET_NAME)";
			};
			name = Debug;
		};
		A03DB7851CBCDB7700256378 /* Release */ = {
			isa = XCBuildConfiguration;
			buildSettings = {
				ASSETCATALOG_COMPILER_APPICON_NAME = AppIcon;
				INFOPLIST_FILE = "day7-pullinfo/Info.plist";
				LD_RUNPATH_SEARCH_PATHS = "$(inherited) @executable_path/Frameworks";
				PRODUCT_NAME = "$(TARGET_NAME)";
			};
			name = Release;
		};
		A03DB7871CBCDB7700256378 /* Debug */ = {
			isa = XCBuildConfiguration;
			buildSettings = {
				BUNDLE_LOADER = "$(TEST_HOST)";
				FRAMEWORK_SEARCH_PATHS = (
					"$(SDKROOT)/Developer/Library/Frameworks",
					"$(inherited)",
				);
				GCC_PREPROCESSOR_DEFINITIONS = (
					"DEBUG=1",
					"$(inherited)",
				);
				INFOPLIST_FILE = "day7-pullinfoTests/Info.plist";
				LD_RUNPATH_SEARCH_PATHS = "$(inherited) @executable_path/Frameworks @loader_path/Frameworks";
				PRODUCT_NAME = "$(TARGET_NAME)";
				TEST_HOST = "$(BUILT_PRODUCTS_DIR)/day7-pullinfo.app/day7-pullinfo";
			};
			name = Debug;
		};
		A03DB7881CBCDB7700256378 /* Release */ = {
			isa = XCBuildConfiguration;
			buildSettings = {
				BUNDLE_LOADER = "$(TEST_HOST)";
				FRAMEWORK_SEARCH_PATHS = (
					"$(SDKROOT)/Developer/Library/Frameworks",
					"$(inherited)",
				);
				INFOPLIST_FILE = "day7-pullinfoTests/Info.plist";
				LD_RUNPATH_SEARCH_PATHS = "$(inherited) @executable_path/Frameworks @loader_path/Frameworks";
				PRODUCT_NAME = "$(TARGET_NAME)";
				TEST_HOST = "$(BUILT_PRODUCTS_DIR)/day7-pullinfo.app/day7-pullinfo";
			};
			name = Release;
		};
/* End XCBuildConfiguration section */

/* Begin XCConfigurationList section */
		A03DB75F1CBCDB7700256378 /* Build configuration list for PBXProject "day7-pullinfo" */ = {
			isa = XCConfigurationList;
			buildConfigurations = (
				A03DB7811CBCDB7700256378 /* Debug */,
				A03DB7821CBCDB7700256378 /* Release */,
			);
			defaultConfigurationIsVisible = 0;
			defaultConfigurationName = Release;
		};
		A03DB7831CBCDB7700256378 /* Build configuration list for PBXNativeTarget "day7-pullinfo" */ = {
			isa = XCConfigurationList;
			buildConfigurations = (
				A03DB7841CBCDB7700256378 /* Debug */,
				A03DB7851CBCDB7700256378 /* Release */,
			);
			defaultConfigurationIsVisible = 0;
		};
		A03DB7861CBCDB7700256378 /* Build configuration list for PBXNativeTarget "day7-pullinfoTests" */ = {
			isa = XCConfigurationList;
			buildConfigurations = (
				A03DB7871CBCDB7700256378 /* Debug */,
				A03DB7881CBCDB7700256378 /* Release */,
			);
			defaultConfigurationIsVisible = 0;
		};
/* End XCConfigurationList section */
	};
	rootObject = A03DB75C1CBCDB7700256378 /* Project object */;
}
