// !$*UTF8*$!
{
	archiveVersion = 1;
	classes = {
	};
	objectVersion = 46;
	objects = {

/* Begin PBXBuildFile section */
		A0F2727A1CC4D6F600C40F3A /* AppDelegate.swift in Sources */ = {isa = PBXBuildFile; fileRef = A0F272791CC4D6F600C40F3A /* AppDelegate.swift */; };
		A0F2727C1CC4D6F600C40F3A /* ViewController.swift in Sources */ = {isa = PBXBuildFile; fileRef = A0F2727B1CC4D6F600C40F3A /* ViewController.swift */; };
		A0F2727F1CC4D6F600C40F3A /* Main.storyboard in Resources */ = {isa = PBXBuildFile; fileRef = A0F2727D1CC4D6F600C40F3A /* Main.storyboard */; };
		A0F272811CC4D6F600C40F3A /* Assets.xcassets in Resources */ = {isa = PBXBuildFile; fileRef = A0F272801CC4D6F600C40F3A /* Assets.xcassets */; };
		A0F272841CC4D6F600C40F3A /* LaunchScreen.storyboard in Resources */ = {isa = PBXBuildFile; fileRef = A0F272821CC4D6F600C40F3A /* LaunchScreen.storyboard */; };
		A0F2728F1CC4D6F600C40F3A /* day12_loginTests.swift in Sources */ = {isa = PBXBuildFile; fileRef = A0F2728E1CC4D6F600C40F3A /* day12_loginTests.swift */; };
		A0F2729A1CC4D6F600C40F3A /* day12_loginUITests.swift in Sources */ = {isa = PBXBuildFile; fileRef = A0F272991CC4D6F600C40F3A /* day12_loginUITests.swift */; };
		A0F657F61CC4D95A00F69688 /* HomeController.swift in Sources */ = {isa = PBXBuildFile; fileRef = A0F657F51CC4D95A00F69688 /* HomeController.swift */; };
/* End PBXBuildFile section */

/* Begin PBXContainerItemProxy section */
		A0F2728B1CC4D6F600C40F3A /* PBXContainerItemProxy */ = {
			isa = PBXContainerItemProxy;
			containerPortal = A0F2726E1CC4D6F600C40F3A /* Project object */;
			proxyType = 1;
			remoteGlobalIDString = A0F272751CC4D6F600C40F3A;
			remoteInfo = "day12-login";
		};
		A0F272961CC4D6F600C40F3A /* PBXContainerItemProxy */ = {
			isa = PBXContainerItemProxy;
			containerPortal = A0F2726E1CC4D6F600C40F3A /* Project object */;
			proxyType = 1;
			remoteGlobalIDString = A0F272751CC4D6F600C40F3A;
			remoteInfo = "day12-login";
		};
/* End PBXContainerItemProxy section */

/* Begin PBXFileReference section */
		A0F272761CC4D6F600C40F3A /* day12-login.app */ = {isa = PBXFileReference; explicitFileType = wrapper.application; includeInIndex = 0; path = "day12-login.app"; sourceTree = BUILT_PRODUCTS_DIR; };
		A0F272791CC4D6F600C40F3A /* AppDelegate.swift */ = {isa = PBXFileReference; lastKnownFileType = sourcecode.swift; path = AppDelegate.swift; sourceTree = "<group>"; };
		A0F2727B1CC4D6F600C40F3A /* ViewController.swift */ = {isa = PBXFileReference; lastKnownFileType = sourcecode.swift; path = ViewController.swift; sourceTree = "<group>"; };
		A0F2727E1CC4D6F600C40F3A /* Base */ = {isa = PBXFileReference; lastKnownFileType = file.storyboard; name = Base; path = Base.lproj/Main.storyboard; sourceTree = "<group>"; };
		A0F272801CC4D6F600C40F3A /* Assets.xcassets */ = {isa = PBXFileReference; lastKnownFileType = folder.assetcatalog; path = Assets.xcassets; sourceTree = "<group>"; };
		A0F272831CC4D6F600C40F3A /* Base */ = {isa = PBXFileReference; lastKnownFileType = file.storyboard; name = Base; path = Base.lproj/LaunchScreen.storyboard; sourceTree = "<group>"; };
		A0F272851CC4D6F600C40F3A /* Info.plist */ = {isa = PBXFileReference; lastKnownFileType = text.plist.xml; path = Info.plist; sourceTree = "<group>"; };
		A0F2728A1CC4D6F600C40F3A /* day12-loginTests.xctest */ = {isa = PBXFileReference; explicitFileType = wrapper.cfbundle; includeInIndex = 0; path = "day12-loginTests.xctest"; sourceTree = BUILT_PRODUCTS_DIR; };
		A0F2728E1CC4D6F600C40F3A /* day12_loginTests.swift */ = {isa = PBXFileReference; lastKnownFileType = sourcecode.swift; path = day12_loginTests.swift; sourceTree = "<group>"; };
		A0F272901CC4D6F600C40F3A /* Info.plist */ = {isa = PBXFileReference; lastKnownFileType = text.plist.xml; path = Info.plist; sourceTree = "<group>"; };
		A0F272951CC4D6F600C40F3A /* day12-loginUITests.xctest */ = {isa = PBXFileReference; explicitFileType = wrapper.cfbundle; includeInIndex = 0; path = "day12-loginUITests.xctest"; sourceTree = BUILT_PRODUCTS_DIR; };
		A0F272991CC4D6F600C40F3A /* day12_loginUITests.swift */ = {isa = PBXFileReference; lastKnownFileType = sourcecode.swift; path = day12_loginUITests.swift; sourceTree = "<group>"; };
		A0F2729B1CC4D6F600C40F3A /* Info.plist */ = {isa = PBXFileReference; lastKnownFileType = text.plist.xml; path = Info.plist; sourceTree = "<group>"; };
		A0F657F51CC4D95A00F69688 /* HomeController.swift */ = {isa = PBXFileReference; fileEncoding = 4; lastKnownFileType = sourcecode.swift; path = HomeController.swift; sourceTree = "<group>"; };
/* End PBXFileReference section */

/* Begin PBXFrameworksBuildPhase section */
		A0F272731CC4D6F600C40F3A /* Frameworks */ = {
			isa = PBXFrameworksBuildPhase;
			buildActionMask = 2147483647;
			files = (
			);
			runOnlyForDeploymentPostprocessing = 0;
		};
		A0F272871CC4D6F600C40F3A /* Frameworks */ = {
			isa = PBXFrameworksBuildPhase;
			buildActionMask = 2147483647;
			files = (
			);
			runOnlyForDeploymentPostprocessing = 0;
		};
		A0F272921CC4D6F600C40F3A /* Frameworks */ = {
			isa = PBXFrameworksBuildPhase;
			buildActionMask = 2147483647;
			files = (
			);
			runOnlyForDeploymentPostprocessing = 0;
		};
/* End PBXFrameworksBuildPhase section */

/* Begin PBXGroup section */
		A0F2726D1CC4D6F600C40F3A = {
			isa = PBXGroup;
			children = (
				A0F272781CC4D6F600C40F3A /* day12-login */,
				A0F2728D1CC4D6F600C40F3A /* day12-loginTests */,
				A0F272981CC4D6F600C40F3A /* day12-loginUITests */,
				A0F272771CC4D6F600C40F3A /* Products */,
			);
			sourceTree = "<group>";
		};
		A0F272771CC4D6F600C40F3A /* Products */ = {
			isa = PBXGroup;
			children = (
				A0F272761CC4D6F600C40F3A /* day12-login.app */,
				A0F2728A1CC4D6F600C40F3A /* day12-loginTests.xctest */,
				A0F272951CC4D6F600C40F3A /* day12-loginUITests.xctest */,
			);
			name = Products;
			sourceTree = "<group>";
		};
		A0F272781CC4D6F600C40F3A /* day12-login */ = {
			isa = PBXGroup;
			children = (
				A0F272791CC4D6F600C40F3A /* AppDelegate.swift */,
				A0F2727B1CC4D6F600C40F3A /* ViewController.swift */,
				A0F2727D1CC4D6F600C40F3A /* Main.storyboard */,
				A0F272801CC4D6F600C40F3A /* Assets.xcassets */,
				A0F272821CC4D6F600C40F3A /* LaunchScreen.storyboard */,
				A0F272851CC4D6F600C40F3A /* Info.plist */,
				A0F657F51CC4D95A00F69688 /* HomeController.swift */,
			);
			path = "day12-login";
			sourceTree = "<group>";
		};
		A0F2728D1CC4D6F600C40F3A /* day12-loginTests */ = {
			isa = PBXGroup;
			children = (
				A0F2728E1CC4D6F600C40F3A /* day12_loginTests.swift */,
				A0F272901CC4D6F600C40F3A /* Info.plist */,
			);
			path = "day12-loginTests";
			sourceTree = "<group>";
		};
		A0F272981CC4D6F600C40F3A /* day12-loginUITests */ = {
			isa = PBXGroup;
			children = (
				A0F272991CC4D6F600C40F3A /* day12_loginUITests.swift */,
				A0F2729B1CC4D6F600C40F3A /* Info.plist */,
			);
			path = "day12-loginUITests";
			sourceTree = "<group>";
		};
/* End PBXGroup section */

/* Begin PBXNativeTarget section */
		A0F272751CC4D6F600C40F3A /* day12-login */ = {
			isa = PBXNativeTarget;
			buildConfigurationList = A0F2729E1CC4D6F600C40F3A /* Build configuration list for PBXNativeTarget "day12-login" */;
			buildPhases = (
				A0F272721CC4D6F600C40F3A /* Sources */,
				A0F272731CC4D6F600C40F3A /* Frameworks */,
				A0F272741CC4D6F600C40F3A /* Resources */,
			);
			buildRules = (
			);
			dependencies = (
			);
			name = "day12-login";
			productName = "day12-login";
			productReference = A0F272761CC4D6F600C40F3A /* day12-login.app */;
			productType = "com.apple.product-type.application";
		};
		A0F272891CC4D6F600C40F3A /* day12-loginTests */ = {
			isa = PBXNativeTarget;
			buildConfigurationList = A0F272A11CC4D6F600C40F3A /* Build configuration list for PBXNativeTarget "day12-loginTests" */;
			buildPhases = (
				A0F272861CC4D6F600C40F3A /* Sources */,
				A0F272871CC4D6F600C40F3A /* Frameworks */,
				A0F272881CC4D6F600C40F3A /* Resources */,
			);
			buildRules = (
			);
			dependencies = (
				A0F2728C1CC4D6F600C40F3A /* PBXTargetDependency */,
			);
			name = "day12-loginTests";
			productName = "day12-loginTests";
			productReference = A0F2728A1CC4D6F600C40F3A /* day12-loginTests.xctest */;
			productType = "com.apple.product-type.bundle.unit-test";
		};
		A0F272941CC4D6F600C40F3A /* day12-loginUITests */ = {
			isa = PBXNativeTarget;
			buildConfigurationList = A0F272A41CC4D6F600C40F3A /* Build configuration list for PBXNativeTarget "day12-loginUITests" */;
			buildPhases = (
				A0F272911CC4D6F600C40F3A /* Sources */,
				A0F272921CC4D6F600C40F3A /* Frameworks */,
				A0F272931CC4D6F600C40F3A /* Resources */,
			);
			buildRules = (
			);
			dependencies = (
				A0F272971CC4D6F600C40F3A /* PBXTargetDependency */,
			);
			name = "day12-loginUITests";
			productName = "day12-loginUITests";
			productReference = A0F272951CC4D6F600C40F3A /* day12-loginUITests.xctest */;
			productType = "com.apple.product-type.bundle.ui-testing";
		};
/* End PBXNativeTarget section */

/* Begin PBXProject section */
		A0F2726E1CC4D6F600C40F3A /* Project object */ = {
			isa = PBXProject;
			attributes = {
				LastSwiftUpdateCheck = 0720;
				LastUpgradeCheck = 0720;
				ORGANIZATIONNAME = sightcorner;
				TargetAttributes = {
					A0F272751CC4D6F600C40F3A = {
						CreatedOnToolsVersion = 7.2.1;
					};
					A0F272891CC4D6F600C40F3A = {
						CreatedOnToolsVersion = 7.2.1;
						TestTargetID = A0F272751CC4D6F600C40F3A;
					};
					A0F272941CC4D6F600C40F3A = {
						CreatedOnToolsVersion = 7.2.1;
						TestTargetID = A0F272751CC4D6F600C40F3A;
					};
				};
			};
			buildConfigurationList = A0F272711CC4D6F600C40F3A /* Build configuration list for PBXProject "day12-login" */;
			compatibilityVersion = "Xcode 3.2";
			developmentRegion = English;
			hasScannedForEncodings = 0;
			knownRegions = (
				en,
				Base,
			);
			mainGroup = A0F2726D1CC4D6F600C40F3A;
			productRefGroup = A0F272771CC4D6F600C40F3A /* Products */;
			projectDirPath = "";
			projectRoot = "";
			targets = (
				A0F272751CC4D6F600C40F3A /* day12-login */,
				A0F272891CC4D6F600C40F3A /* day12-loginTests */,
				A0F272941CC4D6F600C40F3A /* day12-loginUITests */,
			);
		};
/* End PBXProject section */

/* Begin PBXResourcesBuildPhase section */
		A0F272741CC4D6F600C40F3A /* Resources */ = {
			isa = PBXResourcesBuildPhase;
			buildActionMask = 2147483647;
			files = (
				A0F272841CC4D6F600C40F3A /* LaunchScreen.storyboard in Resources */,
				A0F272811CC4D6F600C40F3A /* Assets.xcassets in Resources */,
				A0F2727F1CC4D6F600C40F3A /* Main.storyboard in Resources */,
			);
			runOnlyForDeploymentPostprocessing = 0;
		};
		A0F272881CC4D6F600C40F3A /* Resources */ = {
			isa = PBXResourcesBuildPhase;
			buildActionMask = 2147483647;
			files = (
			);
			runOnlyForDeploymentPostprocessing = 0;
		};
		A0F272931CC4D6F600C40F3A /* Resources */ = {
			isa = PBXResourcesBuildPhase;
			buildActionMask = 2147483647;
			files = (
			);
			runOnlyForDeploymentPostprocessing = 0;
		};
/* End PBXResourcesBuildPhase section */

/* Begin PBXSourcesBuildPhase section */
		A0F272721CC4D6F600C40F3A /* Sources */ = {
			isa = PBXSourcesBuildPhase;
			buildActionMask = 2147483647;
			files = (
				A0F2727C1CC4D6F600C40F3A /* ViewController.swift in Sources */,
				A0F2727A1CC4D6F600C40F3A /* AppDelegate.swift in Sources */,
				A0F657F61CC4D95A00F69688 /* HomeController.swift in Sources */,
			);
			runOnlyForDeploymentPostprocessing = 0;
		};
		A0F272861CC4D6F600C40F3A /* Sources */ = {
			isa = PBXSourcesBuildPhase;
			buildActionMask = 2147483647;
			files = (
				A0F2728F1CC4D6F600C40F3A /* day12_loginTests.swift in Sources */,
			);
			runOnlyForDeploymentPostprocessing = 0;
		};
		A0F272911CC4D6F600C40F3A /* Sources */ = {
			isa = PBXSourcesBuildPhase;
			buildActionMask = 2147483647;
			files = (
				A0F2729A1CC4D6F600C40F3A /* day12_loginUITests.swift in Sources */,
			);
			runOnlyForDeploymentPostprocessing = 0;
		};
/* End PBXSourcesBuildPhase section */

/* Begin PBXTargetDependency section */
		A0F2728C1CC4D6F600C40F3A /* PBXTargetDependency */ = {
			isa = PBXTargetDependency;
			target = A0F272751CC4D6F600C40F3A /* day12-login */;
			targetProxy = A0F2728B1CC4D6F600C40F3A /* PBXContainerItemProxy */;
		};
		A0F272971CC4D6F600C40F3A /* PBXTargetDependency */ = {
			isa = PBXTargetDependency;
			target = A0F272751CC4D6F600C40F3A /* day12-login */;
			targetProxy = A0F272961CC4D6F600C40F3A /* PBXContainerItemProxy */;
		};
/* End PBXTargetDependency section */

/* Begin PBXVariantGroup section */
		A0F2727D1CC4D6F600C40F3A /* Main.storyboard */ = {
			isa = PBXVariantGroup;
			children = (
				A0F2727E1CC4D6F600C40F3A /* Base */,
			);
			name = Main.storyboard;
			sourceTree = "<group>";
		};
		A0F272821CC4D6F600C40F3A /* LaunchScreen.storyboard */ = {
			isa = PBXVariantGroup;
			children = (
				A0F272831CC4D6F600C40F3A /* Base */,
			);
			name = LaunchScreen.storyboard;
			sourceTree = "<group>";
		};
/* End PBXVariantGroup section */

/* Begin XCBuildConfiguration section */
		A0F2729C1CC4D6F600C40F3A /* Debug */ = {
			isa = XCBuildConfiguration;
			buildSettings = {
				ALWAYS_SEARCH_USER_PATHS = NO;
				CLANG_CXX_LANGUAGE_STANDARD = "gnu++0x";
				CLANG_CXX_LIBRARY = "libc++";
				CLANG_ENABLE_MODULES = YES;
				CLANG_ENABLE_OBJC_ARC = YES;
				CLANG_WARN_BOOL_CONVERSION = YES;
				CLANG_WARN_CONSTANT_CONVERSION = YES;
				CLANG_WARN_DIRECT_OBJC_ISA_USAGE = YES_ERROR;
				CLANG_WARN_EMPTY_BODY = YES;
				CLANG_WARN_ENUM_CONVERSION = YES;
				CLANG_WARN_INT_CONVERSION = YES;
				CLANG_WARN_OBJC_ROOT_CLASS = YES_ERROR;
				CLANG_WARN_UNREACHABLE_CODE = YES;
				CLANG_WARN__DUPLICATE_METHOD_MATCH = YES;
				"CODE_SIGN_IDENTITY[sdk=iphoneos*]" = "iPhone Developer";
				COPY_PHASE_STRIP = NO;
				DEBUG_INFORMATION_FORMAT = dwarf;
				ENABLE_STRICT_OBJC_MSGSEND = YES;
				ENABLE_TESTABILITY = YES;
				GCC_C_LANGUAGE_STANDARD = gnu99;
				GCC_DYNAMIC_NO_PIC = NO;
				GCC_NO_COMMON_BLOCKS = YES;
				GCC_OPTIMIZATION_LEVEL = 0;
				GCC_PREPROCESSOR_DEFINITIONS = (
					"DEBUG=1",
					"$(inherited)",
				);
				GCC_WARN_64_TO_32_BIT_CONVERSION = YES;
				GCC_WARN_ABOUT_RETURN_TYPE = YES_ERROR;
				GCC_WARN_UNDECLARED_SELECTOR = YES;
				GCC_WARN_UNINITIALIZED_AUTOS = YES_AGGRESSIVE;
				GCC_WARN_UNUSED_FUNCTION = YES;
				GCC_WARN_UNUSED_VARIABLE = YES;
				IPHONEOS_DEPLOYMENT_TARGET = 9.2;
				MTL_ENABLE_DEBUG_INFO = YES;
				ONLY_ACTIVE_ARCH = YES;
				SDKROOT = iphoneos;
				SWIFT_OPTIMIZATION_LEVEL = "-Onone";
				TARGETED_DEVICE_FAMILY = "1,2";
			};
			name = Debug;
		};
		A0F2729D1CC4D6F600C40F3A /* Release */ = {
			isa = XCBuildConfiguration;
			buildSettings = {
				ALWAYS_SEARCH_USER_PATHS = NO;
				CLANG_CXX_LANGUAGE_STANDARD = "gnu++0x";
				CLANG_CXX_LIBRARY = "libc++";
				CLANG_ENABLE_MODULES = YES;
				CLANG_ENABLE_OBJC_ARC = YES;
				CLANG_WARN_BOOL_CONVERSION = YES;
				CLANG_WARN_CONSTANT_CONVERSION = YES;
				CLANG_WARN_DIRECT_OBJC_ISA_USAGE = YES_ERROR;
				CLANG_WARN_EMPTY_BODY = YES;
				CLANG_WARN_ENUM_CONVERSION = YES;
				CLANG_WARN_INT_CONVERSION = YES;
				CLANG_WARN_OBJC_ROOT_CLASS = YES_ERROR;
				CLANG_WARN_UNREACHABLE_CODE = YES;
				CLANG_WARN__DUPLICATE_METHOD_MATCH = YES;
				"CODE_SIGN_IDENTITY[sdk=iphoneos*]" = "iPhone Developer";
				COPY_PHASE_STRIP = NO;
				DEBUG_INFORMATION_FORMAT = "dwarf-with-dsym";
				ENABLE_NS_ASSERTIONS = NO;
				ENABLE_STRICT_OBJC_MSGSEND = YES;
				GCC_C_LANGUAGE_STANDARD = gnu99;
				GCC_NO_COMMON_BLOCKS = YES;
				GCC_WARN_64_TO_32_BIT_CONVERSION = YES;
				GCC_WARN_ABOUT_RETURN_TYPE = YES_ERROR;
				GCC_WARN_UNDECLARED_SELECTOR = YES;
				GCC_WARN_UNINITIALIZED_AUTOS = YES_AGGRESSIVE;
				GCC_WARN_UNUSED_FUNCTION = YES;
				GCC_WARN_UNUSED_VARIABLE = YES;
				IPHONEOS_DEPLOYMENT_TARGET = 9.2;
				MTL_ENABLE_DEBUG_INFO = NO;
				SDKROOT = iphoneos;
				TARGETED_DEVICE_FAMILY = "1,2";
				VALIDATE_PRODUCT = YES;
			};
			name = Release;
		};
		A0F2729F1CC4D6F600C40F3A /* Debug */ = {
			isa = XCBuildConfiguration;
			buildSettings = {
				ASSETCATALOG_COMPILER_APPICON_NAME = AppIcon;
				INFOPLIST_FILE = "day12-login/Info.plist";
				LD_RUNPATH_SEARCH_PATHS = "$(inherited) @executable_path/Frameworks";
				PRODUCT_BUNDLE_IDENTIFIER = "com.sightcorner.day12-login";
				PRODUCT_NAME = "$(TARGET_NAME)";
			};
			name = Debug;
		};
		A0F272A01CC4D6F600C40F3A /* Release */ = {
			isa = XCBuildConfiguration;
			buildSettings = {
				ASSETCATALOG_COMPILER_APPICON_NAME = AppIcon;
				INFOPLIST_FILE = "day12-login/Info.plist";
				LD_RUNPATH_SEARCH_PATHS = "$(inherited) @executable_path/Frameworks";
				PRODUCT_BUNDLE_IDENTIFIER = "com.sightcorner.day12-login";
				PRODUCT_NAME = "$(TARGET_NAME)";
			};
			name = Release;
		};
		A0F272A21CC4D6F600C40F3A /* Debug */ = {
			isa = XCBuildConfiguration;
			buildSettings = {
				BUNDLE_LOADER = "$(TEST_HOST)";
				INFOPLIST_FILE = "day12-loginTests/Info.plist";
				LD_RUNPATH_SEARCH_PATHS = "$(inherited) @executable_path/Frameworks @loader_path/Frameworks";
				PRODUCT_BUNDLE_IDENTIFIER = "com.sightcorner.day12-loginTests";
				PRODUCT_NAME = "$(TARGET_NAME)";
				TEST_HOST = "$(BUILT_PRODUCTS_DIR)/day12-login.app/day12-login";
			};
			name = Debug;
		};
		A0F272A31CC4D6F600C40F3A /* Release */ = {
			isa = XCBuildConfiguration;
			buildSettings = {
				BUNDLE_LOADER = "$(TEST_HOST)";
				INFOPLIST_FILE = "day12-loginTests/Info.plist";
				LD_RUNPATH_SEARCH_PATHS = "$(inherited) @executable_path/Frameworks @loader_path/Frameworks";
				PRODUCT_BUNDLE_IDENTIFIER = "com.sightcorner.day12-loginTests";
				PRODUCT_NAME = "$(TARGET_NAME)";
				TEST_HOST = "$(BUILT_PRODUCTS_DIR)/day12-login.app/day12-login";
			};
			name = Release;
		};
		A0F272A51CC4D6F600C40F3A /* Debug */ = {
			isa = XCBuildConfiguration;
			buildSettings = {
				INFOPLIST_FILE = "day12-loginUITests/Info.plist";
				LD_RUNPATH_SEARCH_PATHS = "$(inherited) @executable_path/Frameworks @loader_path/Frameworks";
				PRODUCT_BUNDLE_IDENTIFIER = "com.sightcorner.day12-loginUITests";
				PRODUCT_NAME = "$(TARGET_NAME)";
				TEST_TARGET_NAME = "day12-login";
				USES_XCTRUNNER = YES;
			};
			name = Debug;
		};
		A0F272A61CC4D6F600C40F3A /* Release */ = {
			isa = XCBuildConfiguration;
			buildSettings = {
				INFOPLIST_FILE = "day12-loginUITests/Info.plist";
				LD_RUNPATH_SEARCH_PATHS = "$(inherited) @executable_path/Frameworks @loader_path/Frameworks";
				PRODUCT_BUNDLE_IDENTIFIER = "com.sightcorner.day12-loginUITests";
				PRODUCT_NAME = "$(TARGET_NAME)";
				TEST_TARGET_NAME = "day12-login";
				USES_XCTRUNNER = YES;
			};
			name = Release;
		};
/* End XCBuildConfiguration section */

/* Begin XCConfigurationList section */
		A0F272711CC4D6F600C40F3A /* Build configuration list for PBXProject "day12-login" */ = {
			isa = XCConfigurationList;
			buildConfigurations = (
				A0F2729C1CC4D6F600C40F3A /* Debug */,
				A0F2729D1CC4D6F600C40F3A /* Release */,
			);
			defaultConfigurationIsVisible = 0;
			defaultConfigurationName = Release;
		};
		A0F2729E1CC4D6F600C40F3A /* Build configuration list for PBXNativeTarget "day12-login" */ = {
			isa = XCConfigurationList;
			buildConfigurations = (
				A0F2729F1CC4D6F600C40F3A /* Debug */,
				A0F272A01CC4D6F600C40F3A /* Release */,
			);
			defaultConfigurationIsVisible = 0;
			defaultConfigurationName = Release;
		};
		A0F272A11CC4D6F600C40F3A /* Build configuration list for PBXNativeTarget "day12-loginTests" */ = {
			isa = XCConfigurationList;
			buildConfigurations = (
				A0F272A21CC4D6F600C40F3A /* Debug */,
				A0F272A31CC4D6F600C40F3A /* Release */,
			);
			defaultConfigurationIsVisible = 0;
			defaultConfigurationName = Release;
		};
		A0F272A41CC4D6F600C40F3A /* Build configuration list for PBXNativeTarget "day12-loginUITests" */ = {
			isa = XCConfigurationList;
			buildConfigurations = (
				A0F272A51CC4D6F600C40F3A /* Debug */,
				A0F272A61CC4D6F600C40F3A /* Release */,
			);
			defaultConfigurationIsVisible = 0;
			defaultConfigurationName = Release;
		};
/* End XCConfigurationList section */
	};
	rootObject = A0F2726E1CC4D6F600C40F3A /* Project object */;
}
