// !$*UTF8*$!
{
	archiveVersion = 1;
	classes = {
	};
	objectVersion = 46;
	objects = {

/* Begin PBXBuildFile section */
		A021139D1CBE59CC0095211D /* AppDelegate.swift in Sources */ = {isa = PBXBuildFile; fileRef = A021139C1CBE59CC0095211D /* AppDelegate.swift */; };
		A021139F1CBE59CC0095211D /* ViewController.swift in Sources */ = {isa = PBXBuildFile; fileRef = A021139E1CBE59CC0095211D /* ViewController.swift */; };
		A02113A21CBE59CC0095211D /* Main.storyboard in Resources */ = {isa = PBXBuildFile; fileRef = A02113A01CBE59CC0095211D /* Main.storyboard */; };
		A02113A41CBE59CC0095211D /* Images.xcassets in Resources */ = {isa = PBXBuildFile; fileRef = A02113A31CBE59CC0095211D /* Images.xcassets */; };
		A02113A71CBE59CC0095211D /* LaunchScreen.xib in Resources */ = {isa = PBXBuildFile; fileRef = A02113A51CBE59CC0095211D /* LaunchScreen.xib */; };
		A02113B31CBE59CD0095211D /* day9_imagescrollTests.swift in Sources */ = {isa = PBXBuildFile; fileRef = A02113B21CBE59CD0095211D /* day9_imagescrollTests.swift */; };
/* End PBXBuildFile section */

/* Begin PBXContainerItemProxy section */
		A02113AD1CBE59CD0095211D /* PBXContainerItemProxy */ = {
			isa = PBXContainerItemProxy;
			containerPortal = A021138F1CBE59CC0095211D /* Project object */;
			proxyType = 1;
			remoteGlobalIDString = A02113961CBE59CC0095211D;
			remoteInfo = "day9-imagescroll";
		};
/* End PBXContainerItemProxy section */

/* Begin PBXFileReference section */
		A02113971CBE59CC0095211D /* day9-imagescroll.app */ = {isa = PBXFileReference; explicitFileType = wrapper.application; includeInIndex = 0; path = "day9-imagescroll.app"; sourceTree = BUILT_PRODUCTS_DIR; };
		A021139B1CBE59CC0095211D /* Info.plist */ = {isa = PBXFileReference; lastKnownFileType = text.plist.xml; path = Info.plist; sourceTree = "<group>"; };
		A021139C1CBE59CC0095211D /* AppDelegate.swift */ = {isa = PBXFileReference; lastKnownFileType = sourcecode.swift; path = AppDelegate.swift; sourceTree = "<group>"; };
		A021139E1CBE59CC0095211D /* ViewController.swift */ = {isa = PBXFileReference; lastKnownFileType = sourcecode.swift; path = ViewController.swift; sourceTree = "<group>"; };
		A02113A11CBE59CC0095211D /* Base */ = {isa = PBXFileReference; lastKnownFileType = file.storyboard; name = Base; path = Base.lproj/Main.storyboard; sourceTree = "<group>"; };
		A02113A31CBE59CC0095211D /* Images.xcassets */ = {isa = PBXFileReference; lastKnownFileType = folder.assetcatalog; path = Images.xcassets; sourceTree = "<group>"; };
		A02113A61CBE59CC0095211D /* Base */ = {isa = PBXFileReference; lastKnownFileType = file.xib; name = Base; path = Base.lproj/LaunchScreen.xib; sourceTree = "<group>"; };
		A02113AC1CBE59CD0095211D /* day9-imagescrollTests.xctest */ = {isa = PBXFileReference; explicitFileType = wrapper.cfbundle; includeInIndex = 0; path = "day9-imagescrollTests.xctest"; sourceTree = BUILT_PRODUCTS_DIR; };
		A02113B11CBE59CD0095211D /* Info.plist */ = {isa = PBXFileReference; lastKnownFileType = text.plist.xml; path = Info.plist; sourceTree = "<group>"; };
		A02113B21CBE59CD0095211D /* day9_imagescrollTests.swift */ = {isa = PBXFileReference; lastKnownFileType = sourcecode.swift; path = day9_imagescrollTests.swift; sourceTree = "<group>"; };
/* End PBXFileReference section */

/* Begin PBXFrameworksBuildPhase section */
		A02113941CBE59CC0095211D /* Frameworks */ = {
			isa = PBXFrameworksBuildPhase;
			buildActionMask = 2147483647;
			files = (
			);
			runOnlyForDeploymentPostprocessing = 0;
		};
		A02113A91CBE59CD0095211D /* Frameworks */ = {
			isa = PBXFrameworksBuildPhase;
			buildActionMask = 2147483647;
			files = (
			);
			runOnlyForDeploymentPostprocessing = 0;
		};
/* End PBXFrameworksBuildPhase section */

/* Begin PBXGroup section */
		A021138E1CBE59CC0095211D = {
			isa = PBXGroup;
			children = (
				A02113991CBE59CC0095211D /* day9-imagescroll */,
				A02113AF1CBE59CD0095211D /* day9-imagescrollTests */,
				A02113981CBE59CC0095211D /* Products */,
			);
			sourceTree = "<group>";
		};
		A02113981CBE59CC0095211D /* Products */ = {
			isa = PBXGroup;
			children = (
				A02113971CBE59CC0095211D /* day9-imagescroll.app */,
				A02113AC1CBE59CD0095211D /* day9-imagescrollTests.xctest */,
			);
			name = Products;
			sourceTree = "<group>";
		};
		A02113991CBE59CC0095211D /* day9-imagescroll */ = {
			isa = PBXGroup;
			children = (
				A021139C1CBE59CC0095211D /* AppDelegate.swift */,
				A021139E1CBE59CC0095211D /* ViewController.swift */,
				A02113A01CBE59CC0095211D /* Main.storyboard */,
				A02113A31CBE59CC0095211D /* Images.xcassets */,
				A02113A51CBE59CC0095211D /* LaunchScreen.xib */,
				A021139A1CBE59CC0095211D /* Supporting Files */,
			);
			path = "day9-imagescroll";
			sourceTree = "<group>";
		};
		A021139A1CBE59CC0095211D /* Supporting Files */ = {
			isa = PBXGroup;
			children = (
				A021139B1CBE59CC0095211D /* Info.plist */,
			);
			name = "Supporting Files";
			sourceTree = "<group>";
		};
		A02113AF1CBE59CD0095211D /* day9-imagescrollTests */ = {
			isa = PBXGroup;
			children = (
				A02113B21CBE59CD0095211D /* day9_imagescrollTests.swift */,
				A02113B01CBE59CD0095211D /* Supporting Files */,
			);
			path = "day9-imagescrollTests";
			sourceTree = "<group>";
		};
		A02113B01CBE59CD0095211D /* Supporting Files */ = {
			isa = PBXGroup;
			children = (
				A02113B11CBE59CD0095211D /* Info.plist */,
			);
			name = "Supporting Files";
			sourceTree = "<group>";
		};
/* End PBXGroup section */

/* Begin PBXNativeTarget section */
		A02113961CBE59CC0095211D /* day9-imagescroll */ = {
			isa = PBXNativeTarget;
			buildConfigurationList = A02113B61CBE59CD0095211D /* Build configuration list for PBXNativeTarget "day9-imagescroll" */;
			buildPhases = (
				A02113931CBE59CC0095211D /* Sources */,
				A02113941CBE59CC0095211D /* Frameworks */,
				A02113951CBE59CC0095211D /* Resources */,
			);
			buildRules = (
			);
			dependencies = (
			);
			name = "day9-imagescroll";
			productName = "day9-imagescroll";
			productReference = A02113971CBE59CC0095211D /* day9-imagescroll.app */;
			productType = "com.apple.product-type.application";
		};
		A02113AB1CBE59CD0095211D /* day9-imagescrollTests */ = {
			isa = PBXNativeTarget;
			buildConfigurationList = A02113B91CBE59CD0095211D /* Build configuration list for PBXNativeTarget "day9-imagescrollTests" */;
			buildPhases = (
				A02113A81CBE59CD0095211D /* Sources */,
				A02113A91CBE59CD0095211D /* Frameworks */,
				A02113AA1CBE59CD0095211D /* Resources */,
			);
			buildRules = (
			);
			dependencies = (
				A02113AE1CBE59CD0095211D /* PBXTargetDependency */,
			);
			name = "day9-imagescrollTests";
			productName = "day9-imagescrollTests";
			productReference = A02113AC1CBE59CD0095211D /* day9-imagescrollTests.xctest */;
			productType = "com.apple.product-type.bundle.unit-test";
		};
/* End PBXNativeTarget section */

/* Begin PBXProject section */
		A021138F1CBE59CC0095211D /* Project object */ = {
			isa = PBXProject;
			attributes = {
				LastSwiftMigration = 0720;
				LastSwiftUpdateCheck = 0720;
				LastUpgradeCheck = 0720;
				ORGANIZATIONNAME = sightcorner;
				TargetAttributes = {
					A02113961CBE59CC0095211D = {
						CreatedOnToolsVersion = 6.1.1;
					};
					A02113AB1CBE59CD0095211D = {
						CreatedOnToolsVersion = 6.1.1;
						TestTargetID = A02113961CBE59CC0095211D;
					};
				};
			};
			buildConfigurationList = A02113921CBE59CC0095211D /* Build configuration list for PBXProject "day9-imagescroll" */;
			compatibilityVersion = "Xcode 3.2";
			developmentRegion = English;
			hasScannedForEncodings = 0;
			knownRegions = (
				en,
				Base,
			);
			mainGroup = A021138E1CBE59CC0095211D;
			productRefGroup = A02113981CBE59CC0095211D /* Products */;
			projectDirPath = "";
			projectRoot = "";
			targets = (
				A02113961CBE59CC0095211D /* day9-imagescroll */,
				A02113AB1CBE59CD0095211D /* day9-imagescrollTests */,
			);
		};
/* End PBXProject section */

/* Begin PBXResourcesBuildPhase section */
		A02113951CBE59CC0095211D /* Resources */ = {
			isa = PBXResourcesBuildPhase;
			buildActionMask = 2147483647;
			files = (
				A02113A21CBE59CC0095211D /* Main.storyboard in Resources */,
				A02113A71CBE59CC0095211D /* LaunchScreen.xib in Resources */,
				A02113A41CBE59CC0095211D /* Images.xcassets in Resources */,
			);
			runOnlyForDeploymentPostprocessing = 0;
		};
		A02113AA1CBE59CD0095211D /* Resources */ = {
			isa = PBXResourcesBuildPhase;
			buildActionMask = 2147483647;
			files = (
			);
			runOnlyForDeploymentPostprocessing = 0;
		};
/* End PBXResourcesBuildPhase section */

/* Begin PBXSourcesBuildPhase section */
		A02113931CBE59CC0095211D /* Sources */ = {
			isa = PBXSourcesBuildPhase;
			buildActionMask = 2147483647;
			files = (
				A021139F1CBE59CC0095211D /* ViewController.swift in Sources */,
				A021139D1CBE59CC0095211D /* AppDelegate.swift in Sources */,
			);
			runOnlyForDeploymentPostprocessing = 0;
		};
		A02113A81CBE59CD0095211D /* Sources */ = {
			isa = PBXSourcesBuildPhase;
			buildActionMask = 2147483647;
			files = (
				A02113B31CBE59CD0095211D /* day9_imagescrollTests.swift in Sources */,
			);
			runOnlyForDeploymentPostprocessing = 0;
		};
/* End PBXSourcesBuildPhase section */

/* Begin PBXTargetDependency section */
		A02113AE1CBE59CD0095211D /* PBXTargetDependency */ = {
			isa = PBXTargetDependency;
			target = A02113961CBE59CC0095211D /* day9-imagescroll */;
			targetProxy = A02113AD1CBE59CD0095211D /* PBXContainerItemProxy */;
		};
/* End PBXTargetDependency section */

/* Begin PBXVariantGroup section */
		A02113A01CBE59CC0095211D /* Main.storyboard */ = {
			isa = PBXVariantGroup;
			children = (
				A02113A11CBE59CC0095211D /* Base */,
			);
			name = Main.storyboard;
			sourceTree = "<group>";
		};
		A02113A51CBE59CC0095211D /* LaunchScreen.xib */ = {
			isa = PBXVariantGroup;
			children = (
				A02113A61CBE59CC0095211D /* Base */,
			);
			name = LaunchScreen.xib;
			sourceTree = "<group>";
		};
/* End PBXVariantGroup section */

/* Begin XCBuildConfiguration section */
		A02113B41CBE59CD0095211D /* Debug */ = {
			isa = XCBuildConfiguration;
			buildSettings = {
				ALWAYS_SEARCH_USER_PATHS = NO;
				CLANG_CXX_LANGUAGE_STANDARD = "gnu++0x";
				CLANG_CXX_LIBRARY = "libc++";
				CLANG_ENABLE_MODULES = YES;
				CLANG_ENABLE_OBJC_ARC = YES;
				CLANG_WARN_BOOL_CONVERSION = YES;
				CLANG_WARN_CONSTANT_CONVERSION = YES;
				CLANG_WARN_DIRECT_OBJC_ISA_USAGE = YES_ERROR;
				CLANG_WARN_EMPTY_BODY = YES;
				CLANG_WARN_ENUM_CONVERSION = YES;
				CLANG_WARN_INT_CONVERSION = YES;
				CLANG_WARN_OBJC_ROOT_CLASS = YES_ERROR;
				CLANG_WARN_UNREACHABLE_CODE = YES;
				CLANG_WARN__DUPLICATE_METHOD_MATCH = YES;
				"CODE_SIGN_IDENTITY[sdk=iphoneos*]" = "iPhone Developer";
				COPY_PHASE_STRIP = NO;
				ENABLE_STRICT_OBJC_MSGSEND = YES;
				ENABLE_TESTABILITY = YES;
				GCC_C_LANGUAGE_STANDARD = gnu99;
				GCC_DYNAMIC_NO_PIC = NO;
				GCC_OPTIMIZATION_LEVEL = 0;
				GCC_PREPROCESSOR_DEFINITIONS = (
					"DEBUG=1",
					"$(inherited)",
				);
				GCC_SYMBOLS_PRIVATE_EXTERN = NO;
				GCC_WARN_64_TO_32_BIT_CONVERSION = YES;
				GCC_WARN_ABOUT_RETURN_TYPE = YES_ERROR;
				GCC_WARN_UNDECLARED_SELECTOR = YES;
				GCC_WARN_UNINITIALIZED_AUTOS = YES_AGGRESSIVE;
				GCC_WARN_UNUSED_FUNCTION = YES;
				GCC_WARN_UNUSED_VARIABLE = YES;
				IPHONEOS_DEPLOYMENT_TARGET = 8.1;
				MTL_ENABLE_DEBUG_INFO = YES;
				ONLY_ACTIVE_ARCH = YES;
				SDKROOT = iphoneos;
				SWIFT_OPTIMIZATION_LEVEL = "-Onone";
				TARGETED_DEVICE_FAMILY = "1,2";
			};
			name = Debug;
		};
		A02113B51CBE59CD0095211D /* Release */ = {
			isa = XCBuildConfiguration;
			buildSettings = {
				ALWAYS_SEARCH_USER_PATHS = NO;
				CLANG_CXX_LANGUAGE_STANDARD = "gnu++0x";
				CLANG_CXX_LIBRARY = "libc++";
				CLANG_ENABLE_MODULES = YES;
				CLANG_ENABLE_OBJC_ARC = YES;
				CLANG_WARN_BOOL_CONVERSION = YES;
				CLANG_WARN_CONSTANT_CONVERSION = YES;
				CLANG_WARN_DIRECT_OBJC_ISA_USAGE = YES_ERROR;
				CLANG_WARN_EMPTY_BODY = YES;
				CLANG_WARN_ENUM_CONVERSION = YES;
				CLANG_WARN_INT_CONVERSION = YES;
				CLANG_WARN_OBJC_ROOT_CLASS = YES_ERROR;
				CLANG_WARN_UNREACHABLE_CODE = YES;
				CLANG_WARN__DUPLICATE_METHOD_MATCH = YES;
				"CODE_SIGN_IDENTITY[sdk=iphoneos*]" = "iPhone Developer";
				COPY_PHASE_STRIP = YES;
				ENABLE_NS_ASSERTIONS = NO;
				ENABLE_STRICT_OBJC_MSGSEND = YES;
				GCC_C_LANGUAGE_STANDARD = gnu99;
				GCC_WARN_64_TO_32_BIT_CONVERSION = YES;
				GCC_WARN_ABOUT_RETURN_TYPE = YES_ERROR;
				GCC_WARN_UNDECLARED_SELECTOR = YES;
				GCC_WARN_UNINITIALIZED_AUTOS = YES_AGGRESSIVE;
				GCC_WARN_UNUSED_FUNCTION = YES;
				GCC_WARN_UNUSED_VARIABLE = YES;
				IPHONEOS_DEPLOYMENT_TARGET = 8.1;
				MTL_ENABLE_DEBUG_INFO = NO;
				SDKROOT = iphoneos;
				TARGETED_DEVICE_FAMILY = "1,2";
				VALIDATE_PRODUCT = YES;
			};
			name = Release;
		};
		A02113B71CBE59CD0095211D /* Debug */ = {
			isa = XCBuildConfiguration;
			buildSettings = {
				ASSETCATALOG_COMPILER_APPICON_NAME = AppIcon;
				INFOPLIST_FILE = "day9-imagescroll/Info.plist";
				LD_RUNPATH_SEARCH_PATHS = "$(inherited) @executable_path/Frameworks";
				PRODUCT_BUNDLE_IDENTIFIER = "com.sightcorner.$(PRODUCT_NAME:rfc1034identifier)";
				PRODUCT_NAME = "$(TARGET_NAME)";
			};
			name = Debug;
		};
		A02113B81CBE59CD0095211D /* Release */ = {
			isa = XCBuildConfiguration;
			buildSettings = {
				ASSETCATALOG_COMPILER_APPICON_NAME = AppIcon;
				INFOPLIST_FILE = "day9-imagescroll/Info.plist";
				LD_RUNPATH_SEARCH_PATHS = "$(inherited) @executable_path/Frameworks";
				PRODUCT_BUNDLE_IDENTIFIER = "com.sightcorner.$(PRODUCT_NAME:rfc1034identifier)";
				PRODUCT_NAME = "$(TARGET_NAME)";
			};
			name = Release;
		};
		A02113BA1CBE59CD0095211D /* Debug */ = {
			isa = XCBuildConfiguration;
			buildSettings = {
				BUNDLE_LOADER = "$(TEST_HOST)";
				FRAMEWORK_SEARCH_PATHS = (
					"$(SDKROOT)/Developer/Library/Frameworks",
					"$(inherited)",
				);
				GCC_PREPROCESSOR_DEFINITIONS = (
					"DEBUG=1",
					"$(inherited)",
				);
				INFOPLIST_FILE = "day9-imagescrollTests/Info.plist";
				LD_RUNPATH_SEARCH_PATHS = "$(inherited) @executable_path/Frameworks @loader_path/Frameworks";
				PRODUCT_BUNDLE_IDENTIFIER = "com.sightcorner.$(PRODUCT_NAME:rfc1034identifier)";
				PRODUCT_NAME = "$(TARGET_NAME)";
				TEST_HOST = "$(BUILT_PRODUCTS_DIR)/day9-imagescroll.app/day9-imagescroll";
			};
			name = Debug;
		};
		A02113BB1CBE59CD0095211D /* Release */ = {
			isa = XCBuildConfiguration;
			buildSettings = {
				BUNDLE_LOADER = "$(TEST_HOST)";
				FRAMEWORK_SEARCH_PATHS = (
					"$(SDKROOT)/Developer/Library/Frameworks",
					"$(inherited)",
				);
				INFOPLIST_FILE = "day9-imagescrollTests/Info.plist";
				LD_RUNPATH_SEARCH_PATHS = "$(inherited) @executable_path/Frameworks @loader_path/Frameworks";
				PRODUCT_BUNDLE_IDENTIFIER = "com.sightcorner.$(PRODUCT_NAME:rfc1034identifier)";
				PRODUCT_NAME = "$(TARGET_NAME)";
				TEST_HOST = "$(BUILT_PRODUCTS_DIR)/day9-imagescroll.app/day9-imagescroll";
			};
			name = Release;
		};
/* End XCBuildConfiguration section */

/* Begin XCConfigurationList section */
		A02113921CBE59CC0095211D /* Build configuration list for PBXProject "day9-imagescroll" */ = {
			isa = XCConfigurationList;
			buildConfigurations = (
				A02113B41CBE59CD0095211D /* Debug */,
				A02113B51CBE59CD0095211D /* Release */,
			);
			defaultConfigurationIsVisible = 0;
			defaultConfigurationName = Release;
		};
		A02113B61CBE59CD0095211D /* Build configuration list for PBXNativeTarget "day9-imagescroll" */ = {
			isa = XCConfigurationList;
			buildConfigurations = (
				A02113B71CBE59CD0095211D /* Debug */,
				A02113B81CBE59CD0095211D /* Release */,
			);
			defaultConfigurationIsVisible = 0;
			defaultConfigurationName = Release;
		};
		A02113B91CBE59CD0095211D /* Build configuration list for PBXNativeTarget "day9-imagescrollTests" */ = {
			isa = XCConfigurationList;
			buildConfigurations = (
				A02113BA1CBE59CD0095211D /* Debug */,
				A02113BB1CBE59CD0095211D /* Release */,
			);
			defaultConfigurationIsVisible = 0;
			defaultConfigurationName = Release;
		};
/* End XCConfigurationList section */
	};
	rootObject = A021138F1CBE59CC0095211D /* Project object */;
}
